// !$*UTF8*$!
{
	archiveVersion = 1;
	classes = {
	};
	objectVersion = 46;
	objects = {

/* Begin PBXBuildFile section */
		2B3820861737057D00822217 /* Slide.m in Sources */ = {isa = PBXBuildFile; fileRef = 2B3820851737057D00822217 /* Slide.m */; };
		2B3820891737098100822217 /* AuditoriumEvent.m in Sources */ = {isa = PBXBuildFile; fileRef = 2B3820881737098100822217 /* AuditoriumEvent.m */; };
		2B4079EA17392A3200C09FD4 /* LoginDialog.xib in Resources */ = {isa = PBXBuildFile; fileRef = 2B4079E917392A3200C09FD4 /* LoginDialog.xib */; };
		2B733A8817398A0F008FDFBA /* Auditorium.icns in Resources */ = {isa = PBXBuildFile; fileRef = 2B733A8717398A0F008FDFBA /* Auditorium.icns */; };
		2B777F63172B33D100D1F54F /* KeynoteAuditoriumConnector.xib in Resources */ = {isa = PBXBuildFile; fileRef = 2B777F62172B33D100D1F54F /* KeynoteAuditoriumConnector.xib */; };
		2B777F66172B3B2900D1F54F /* SlideshowController.m in Sources */ = {isa = PBXBuildFile; fileRef = 2B777F65172B3B2900D1F54F /* SlideshowController.m */; };
		2B777F69172BFCF600D1F54F /* Auditorium.m in Sources */ = {isa = PBXBuildFile; fileRef = 2B777F68172BFCF600D1F54F /* Auditorium.m */; };
		2B777F6C172C65CC00D1F54F /* AuditoriumController.m in Sources */ = {isa = PBXBuildFile; fileRef = 2B777F6B172C65CC00D1F54F /* AuditoriumController.m */; };
		2BBE3B68172A6D4800BCF546 /* Cocoa.framework in Frameworks */ = {isa = PBXBuildFile; fileRef = 2BBE3B67172A6D4800BCF546 /* Cocoa.framework */; };
		2BBE3B72172A6D4800BCF546 /* InfoPlist.strings in Resources */ = {isa = PBXBuildFile; fileRef = 2BBE3B70172A6D4800BCF546 /* InfoPlist.strings */; };
		2BBE3B74172A6D4800BCF546 /* main.m in Sources */ = {isa = PBXBuildFile; fileRef = 2BBE3B73172A6D4800BCF546 /* main.m */; };
		2BBE3B78172A6D4800BCF546 /* Credits.rtf in Resources */ = {isa = PBXBuildFile; fileRef = 2BBE3B76172A6D4800BCF546 /* Credits.rtf */; };
		2BBE3B7B172A6D4800BCF546 /* AppDelegate.m in Sources */ = {isa = PBXBuildFile; fileRef = 2BBE3B7A172A6D4800BCF546 /* AppDelegate.m */; };
		2BBE3B86172A700900BCF546 /* Slideshow.m in Sources */ = {isa = PBXBuildFile; fileRef = 2BBE3B85172A700900BCF546 /* Slideshow.m */; };
		2BBE3B88172A717F00BCF546 /* ScriptingBridge.framework in Frameworks */ = {isa = PBXBuildFile; fileRef = 2BBE3B87172A717F00BCF546 /* ScriptingBridge.framework */; };
		2BCA20DC173068CD00C9415E /* LoginController.m in Sources */ = {isa = PBXBuildFile; fileRef = 2BCA20DB173068CD00C9415E /* LoginController.m */; };
		2BCA20E0173151DE00C9415E /* slide.png in Resources */ = {isa = PBXBuildFile; fileRef = 2BCA20DF173151DE00C9415E /* slide.png */; };
		2BE0F0281734315000BFD776 /* TB3_Record-Active.tif in Resources */ = {isa = PBXBuildFile; fileRef = 2BE0F0261734315000BFD776 /* TB3_Record-Active.tif */; };
		2BE0F0291734315000BFD776 /* TB3_Record-Pressed.tif in Resources */ = {isa = PBXBuildFile; fileRef = 2BE0F0271734315000BFD776 /* TB3_Record-Pressed.tif */; };
/* End PBXBuildFile section */

/* Begin PBXFileReference section */
		2B3820841737057D00822217 /* Slide.h */ = {isa = PBXFileReference; fileEncoding = 4; lastKnownFileType = sourcecode.c.h; path = Slide.h; sourceTree = "<group>"; };
		2B3820851737057D00822217 /* Slide.m */ = {isa = PBXFileReference; fileEncoding = 4; lastKnownFileType = sourcecode.c.objc; path = Slide.m; sourceTree = "<group>"; };
		2B3820871737098100822217 /* AuditoriumEvent.h */ = {isa = PBXFileReference; fileEncoding = 4; lastKnownFileType = sourcecode.c.h; path = AuditoriumEvent.h; sourceTree = "<group>"; };
		2B3820881737098100822217 /* AuditoriumEvent.m */ = {isa = PBXFileReference; fileEncoding = 4; lastKnownFileType = sourcecode.c.objc; path = AuditoriumEvent.m; sourceTree = "<group>"; };
		2B4079E917392A3200C09FD4 /* LoginDialog.xib */ = {isa = PBXFileReference; fileEncoding = 4; lastKnownFileType = file.xib; path = LoginDialog.xib; sourceTree = "<group>"; };
		2B5CFFF6172AACC300B5D1C5 /* Keynote.h */ = {isa = PBXFileReference; fileEncoding = 4; lastKnownFileType = sourcecode.c.h; path = Keynote.h; sourceTree = "<group>"; };
		2B5CFFF7172B109E00B5D1C5 /* Powerpoint.h */ = {isa = PBXFileReference; fileEncoding = 4; lastKnownFileType = sourcecode.c.h; path = Powerpoint.h; sourceTree = "<group>"; };
		2B733A8717398A0F008FDFBA /* Auditorium.icns */ = {isa = PBXFileReference; lastKnownFileType = image.icns; path = Auditorium.icns; sourceTree = "<group>"; };
		2B777F62172B33D100D1F54F /* KeynoteAuditoriumConnector.xib */ = {isa = PBXFileReference; fileEncoding = 4; lastKnownFileType = file.xib; path = KeynoteAuditoriumConnector.xib; sourceTree = "<group>"; };
		2B777F64172B3B2900D1F54F /* SlideshowController.h */ = {isa = PBXFileReference; fileEncoding = 4; lastKnownFileType = sourcecode.c.h; path = SlideshowController.h; sourceTree = "<group>"; };
		2B777F65172B3B2900D1F54F /* SlideshowController.m */ = {isa = PBXFileReference; fileEncoding = 4; lastKnownFileType = sourcecode.c.objc; path = SlideshowController.m; sourceTree = "<group>"; };
		2B777F67172BFCF600D1F54F /* Auditorium.h */ = {isa = PBXFileReference; fileEncoding = 4; lastKnownFileType = sourcecode.c.h; path = Auditorium.h; sourceTree = "<group>"; };
		2B777F68172BFCF600D1F54F /* Auditorium.m */ = {isa = PBXFileReference; fileEncoding = 4; lastKnownFileType = sourcecode.c.objc; path = Auditorium.m; sourceTree = "<group>"; };
		2B777F6A172C65CB00D1F54F /* AuditoriumController.h */ = {isa = PBXFileReference; fileEncoding = 4; lastKnownFileType = sourcecode.c.h; path = AuditoriumController.h; sourceTree = "<group>"; };
		2B777F6B172C65CC00D1F54F /* AuditoriumController.m */ = {isa = PBXFileReference; fileEncoding = 4; lastKnownFileType = sourcecode.c.objc; path = AuditoriumController.m; sourceTree = "<group>"; };
		2BBE3B64172A6D4800BCF546 /* Keynote Auditorium Connector.app */ = {isa = PBXFileReference; explicitFileType = wrapper.application; includeInIndex = 0; path = "Keynote Auditorium Connector.app"; sourceTree = BUILT_PRODUCTS_DIR; };
		2BBE3B67172A6D4800BCF546 /* Cocoa.framework */ = {isa = PBXFileReference; lastKnownFileType = wrapper.framework; name = Cocoa.framework; path = System/Library/Frameworks/Cocoa.framework; sourceTree = SDKROOT; };
		2BBE3B6A172A6D4800BCF546 /* AppKit.framework */ = {isa = PBXFileReference; lastKnownFileType = wrapper.framework; name = AppKit.framework; path = System/Library/Frameworks/AppKit.framework; sourceTree = SDKROOT; };
		2BBE3B6B172A6D4800BCF546 /* CoreData.framework */ = {isa = PBXFileReference; lastKnownFileType = wrapper.framework; name = CoreData.framework; path = System/Library/Frameworks/CoreData.framework; sourceTree = SDKROOT; };
		2BBE3B6C172A6D4800BCF546 /* Foundation.framework */ = {isa = PBXFileReference; lastKnownFileType = wrapper.framework; name = Foundation.framework; path = System/Library/Frameworks/Foundation.framework; sourceTree = SDKROOT; };
		2BBE3B6F172A6D4800BCF546 /* Keynote Auditorium Connector-Info.plist */ = {isa = PBXFileReference; lastKnownFileType = text.plist.xml; path = "Keynote Auditorium Connector-Info.plist"; sourceTree = "<group>"; };
		2BBE3B71172A6D4800BCF546 /* en */ = {isa = PBXFileReference; lastKnownFileType = text.plist.strings; name = en; path = en.lproj/InfoPlist.strings; sourceTree = "<group>"; };
		2BBE3B73172A6D4800BCF546 /* main.m */ = {isa = PBXFileReference; lastKnownFileType = sourcecode.c.objc; path = main.m; sourceTree = "<group>"; };
		2BBE3B75172A6D4800BCF546 /* Keynote Auditorium Connector-Prefix.pch */ = {isa = PBXFileReference; lastKnownFileType = sourcecode.c.h; path = "Keynote Auditorium Connector-Prefix.pch"; sourceTree = "<group>"; };
		2BBE3B77172A6D4800BCF546 /* en */ = {isa = PBXFileReference; lastKnownFileType = text.rtf; name = en; path = en.lproj/Credits.rtf; sourceTree = "<group>"; };
		2BBE3B79172A6D4800BCF546 /* AppDelegate.h */ = {isa = PBXFileReference; lastKnownFileType = sourcecode.c.h; path = AppDelegate.h; sourceTree = "<group>"; };
		2BBE3B7A172A6D4800BCF546 /* AppDelegate.m */ = {isa = PBXFileReference; lastKnownFileType = sourcecode.c.objc; path = AppDelegate.m; sourceTree = "<group>"; };
		2BBE3B84172A700900BCF546 /* Slideshow.h */ = {isa = PBXFileReference; fileEncoding = 4; lastKnownFileType = sourcecode.c.h; path = Slideshow.h; sourceTree = "<group>"; };
		2BBE3B85172A700900BCF546 /* Slideshow.m */ = {isa = PBXFileReference; fileEncoding = 4; lastKnownFileType = sourcecode.c.objc; path = Slideshow.m; sourceTree = "<group>"; };
		2BBE3B87172A717F00BCF546 /* ScriptingBridge.framework */ = {isa = PBXFileReference; lastKnownFileType = wrapper.framework; name = ScriptingBridge.framework; path = System/Library/Frameworks/ScriptingBridge.framework; sourceTree = SDKROOT; };
		2BBE3B8A172A79CC00BCF546 /* SystemEvents.h */ = {isa = PBXFileReference; fileEncoding = 4; lastKnownFileType = sourcecode.c.h; path = SystemEvents.h; sourceTree = "<group>"; };
		2BCA20DA173068CD00C9415E /* LoginController.h */ = {isa = PBXFileReference; fileEncoding = 4; lastKnownFileType = sourcecode.c.h; path = LoginController.h; sourceTree = "<group>"; };
		2BCA20DB173068CD00C9415E /* LoginController.m */ = {isa = PBXFileReference; fileEncoding = 4; lastKnownFileType = sourcecode.c.objc; path = LoginController.m; sourceTree = "<group>"; };
		2BCA20DF173151DE00C9415E /* slide.png */ = {isa = PBXFileReference; lastKnownFileType = image.png; path = slide.png; sourceTree = "<group>"; };
		2BE0F0261734315000BFD776 /* TB3_Record-Active.tif */ = {isa = PBXFileReference; lastKnownFileType = image.tiff; path = "TB3_Record-Active.tif"; sourceTree = "<group>"; };
		2BE0F0271734315000BFD776 /* TB3_Record-Pressed.tif */ = {isa = PBXFileReference; lastKnownFileType = image.tiff; path = "TB3_Record-Pressed.tif"; sourceTree = "<group>"; };
/* End PBXFileReference section */

/* Begin PBXFrameworksBuildPhase section */
		2BBE3B61172A6D4800BCF546 /* Frameworks */ = {
			isa = PBXFrameworksBuildPhase;
			buildActionMask = 2147483647;
			files = (
				2BBE3B88172A717F00BCF546 /* ScriptingBridge.framework in Frameworks */,
				2BBE3B68172A6D4800BCF546 /* Cocoa.framework in Frameworks */,
			);
			runOnlyForDeploymentPostprocessing = 0;
		};
/* End PBXFrameworksBuildPhase section */

/* Begin PBXGroup section */
		2B733A80173909AC008FDFBA /* Images */ = {
			isa = PBXGroup;
			children = (
				2BE0F0261734315000BFD776 /* TB3_Record-Active.tif */,
				2BE0F0271734315000BFD776 /* TB3_Record-Pressed.tif */,
				2BCA20DF173151DE00C9415E /* slide.png */,
			);
			path = Images;
			sourceTree = "<group>";
		};
		2BBE3B5B172A6D4800BCF546 = {
			isa = PBXGroup;
			children = (
				2B733A8717398A0F008FDFBA /* Auditorium.icns */,
				2BBE3B6D172A6D4800BCF546 /* KeynoteAuditoriumConnector */,
				2BBE3B66172A6D4800BCF546 /* Frameworks */,
				2BBE3B65172A6D4800BCF546 /* Products */,
			);
			sourceTree = "<group>";
		};
		2BBE3B65172A6D4800BCF546 /* Products */ = {
			isa = PBXGroup;
			children = (
				2BBE3B64172A6D4800BCF546 /* Keynote Auditorium Connector.app */,
			);
			name = Products;
			sourceTree = "<group>";
		};
		2BBE3B66172A6D4800BCF546 /* Frameworks */ = {
			isa = PBXGroup;
			children = (
				2BBE3B67172A6D4800BCF546 /* Cocoa.framework */,
				2BBE3B69172A6D4800BCF546 /* Other Frameworks */,
			);
			name = Frameworks;
			sourceTree = "<group>";
		};
		2BBE3B69172A6D4800BCF546 /* Other Frameworks */ = {
			isa = PBXGroup;
			children = (
				2BBE3B87172A717F00BCF546 /* ScriptingBridge.framework */,
				2BBE3B6A172A6D4800BCF546 /* AppKit.framework */,
				2BBE3B6B172A6D4800BCF546 /* CoreData.framework */,
				2BBE3B6C172A6D4800BCF546 /* Foundation.framework */,
			);
			name = "Other Frameworks";
			sourceTree = "<group>";
		};
		2BBE3B6D172A6D4800BCF546 /* KeynoteAuditoriumConnector */ = {
			isa = PBXGroup;
			children = (
				2BCA20BF1730306D00C9415E /* Resources */,
				2BBE3B79172A6D4800BCF546 /* AppDelegate.h */,
				2BBE3B7A172A6D4800BCF546 /* AppDelegate.m */,
				2B777F67172BFCF600D1F54F /* Auditorium.h */,
				2B777F68172BFCF600D1F54F /* Auditorium.m */,
				2B3820871737098100822217 /* AuditoriumEvent.h */,
				2B3820881737098100822217 /* AuditoriumEvent.m */,
				2B777F6A172C65CB00D1F54F /* AuditoriumController.h */,
				2B777F6B172C65CC00D1F54F /* AuditoriumController.m */,
				2BCA20DA173068CD00C9415E /* LoginController.h */,
				2BCA20DB173068CD00C9415E /* LoginController.m */,
				2B5CFFF7172B109E00B5D1C5 /* Powerpoint.h */,
				2B5CFFF6172AACC300B5D1C5 /* Keynote.h */,
				2BBE3B8A172A79CC00BCF546 /* SystemEvents.h */,
				2B3820841737057D00822217 /* Slide.h */,
				2B3820851737057D00822217 /* Slide.m */,
				2BBE3B84172A700900BCF546 /* Slideshow.h */,
				2BBE3B85172A700900BCF546 /* Slideshow.m */,
				2B777F64172B3B2900D1F54F /* SlideshowController.h */,
				2B777F65172B3B2900D1F54F /* SlideshowController.m */,
				2B777F62172B33D100D1F54F /* KeynoteAuditoriumConnector.xib */,
				2B4079E917392A3200C09FD4 /* LoginDialog.xib */,
				2BBE3B6E172A6D4800BCF546 /* Supporting Files */,
			);
			path = KeynoteAuditoriumConnector;
			sourceTree = "<group>";
		};
		2BBE3B6E172A6D4800BCF546 /* Supporting Files */ = {
			isa = PBXGroup;
			children = (
				2BBE3B6F172A6D4800BCF546 /* Keynote Auditorium Connector-Info.plist */,
				2BBE3B70172A6D4800BCF546 /* InfoPlist.strings */,
				2BBE3B73172A6D4800BCF546 /* main.m */,
				2BBE3B75172A6D4800BCF546 /* Keynote Auditorium Connector-Prefix.pch */,
				2BBE3B76172A6D4800BCF546 /* Credits.rtf */,
			);
			name = "Supporting Files";
			sourceTree = "<group>";
		};
		2BCA20BF1730306D00C9415E /* Resources */ = {
			isa = PBXGroup;
			children = (
				2B733A80173909AC008FDFBA /* Images */,
			);
			path = Resources;
			sourceTree = "<group>";
		};
/* End PBXGroup section */

/* Begin PBXNativeTarget section */
		2BBE3B63172A6D4800BCF546 /* Keynote Auditorium Connector */ = {
			isa = PBXNativeTarget;
			buildConfigurationList = 2BBE3B81172A6D4900BCF546 /* Build configuration list for PBXNativeTarget "Keynote Auditorium Connector" */;
			buildPhases = (
				2BBE3B60172A6D4800BCF546 /* Sources */,
				2BBE3B61172A6D4800BCF546 /* Frameworks */,
				2BBE3B62172A6D4800BCF546 /* Resources */,
			);
			buildRules = (
			);
			dependencies = (
			);
			name = "Keynote Auditorium Connector";
			productName = KeynoteAuditoriumConnector;
			productReference = 2BBE3B64172A6D4800BCF546 /* Keynote Auditorium Connector.app */;
			productType = "com.apple.product-type.application";
		};
/* End PBXNativeTarget section */

/* Begin PBXProject section */
		2BBE3B5C172A6D4800BCF546 /* Project object */ = {
			isa = PBXProject;
			attributes = {
				LastUpgradeCheck = 0460;
				ORGANIZATIONNAME = "Matthias Rahne";
			};
			buildConfigurationList = 2BBE3B5F172A6D4800BCF546 /* Build configuration list for PBXProject "Keynote Auditorium Connector" */;
			compatibilityVersion = "Xcode 3.2";
			developmentRegion = English;
			hasScannedForEncodings = 0;
			knownRegions = (
				en,
			);
			mainGroup = 2BBE3B5B172A6D4800BCF546;
			productRefGroup = 2BBE3B65172A6D4800BCF546 /* Products */;
			projectDirPath = "";
			projectRoot = "";
			targets = (
				2BBE3B63172A6D4800BCF546 /* Keynote Auditorium Connector */,
			);
		};
/* End PBXProject section */

/* Begin PBXResourcesBuildPhase section */
		2BBE3B62172A6D4800BCF546 /* Resources */ = {
			isa = PBXResourcesBuildPhase;
			buildActionMask = 2147483647;
			files = (
				2BBE3B72172A6D4800BCF546 /* InfoPlist.strings in Resources */,
				2BBE3B78172A6D4800BCF546 /* Credits.rtf in Resources */,
				2B777F63172B33D100D1F54F /* KeynoteAuditoriumConnector.xib in Resources */,
				2BCA20E0173151DE00C9415E /* slide.png in Resources */,
				2BE0F0281734315000BFD776 /* TB3_Record-Active.tif in Resources */,
				2BE0F0291734315000BFD776 /* TB3_Record-Pressed.tif in Resources */,
				2B4079EA17392A3200C09FD4 /* LoginDialog.xib in Resources */,
				2B733A8817398A0F008FDFBA /* Auditorium.icns in Resources */,
			);
			runOnlyForDeploymentPostprocessing = 0;
		};
/* End PBXResourcesBuildPhase section */

/* Begin PBXSourcesBuildPhase section */
		2BBE3B60172A6D4800BCF546 /* Sources */ = {
			isa = PBXSourcesBuildPhase;
			buildActionMask = 2147483647;
			files = (
				2BBE3B74172A6D4800BCF546 /* main.m in Sources */,
				2BBE3B7B172A6D4800BCF546 /* AppDelegate.m in Sources */,
				2BBE3B86172A700900BCF546 /* Slideshow.m in Sources */,
				2B777F66172B3B2900D1F54F /* SlideshowController.m in Sources */,
				2B777F69172BFCF600D1F54F /* Auditorium.m in Sources */,
				2B777F6C172C65CC00D1F54F /* AuditoriumController.m in Sources */,
				2BCA20DC173068CD00C9415E /* LoginController.m in Sources */,
				2B3820861737057D00822217 /* Slide.m in Sources */,
				2B3820891737098100822217 /* AuditoriumEvent.m in Sources */,
			);
			runOnlyForDeploymentPostprocessing = 0;
		};
/* End PBXSourcesBuildPhase section */

/* Begin PBXVariantGroup section */
		2BBE3B70172A6D4800BCF546 /* InfoPlist.strings */ = {
			isa = PBXVariantGroup;
			children = (
				2BBE3B71172A6D4800BCF546 /* en */,
			);
			name = InfoPlist.strings;
			sourceTree = "<group>";
		};
		2BBE3B76172A6D4800BCF546 /* Credits.rtf */ = {
			isa = PBXVariantGroup;
			children = (
				2BBE3B77172A6D4800BCF546 /* en */,
			);
			name = Credits.rtf;
			sourceTree = "<group>";
		};
/* End PBXVariantGroup section */

/* Begin XCBuildConfiguration section */
		2BBE3B7F172A6D4900BCF546 /* Debug */ = {
			isa = XCBuildConfiguration;
			buildSettings = {
				ALWAYS_SEARCH_USER_PATHS = NO;
				ARCHS = "$(ARCHS_STANDARD_64_BIT)";
				CLANG_CXX_LANGUAGE_STANDARD = "gnu++0x";
				CLANG_CXX_LIBRARY = "libc++";
				CLANG_WARN_CONSTANT_CONVERSION = YES;
				CLANG_WARN_EMPTY_BODY = YES;
				CLANG_WARN_ENUM_CONVERSION = YES;
				CLANG_WARN_INT_CONVERSION = YES;
				CLANG_WARN__DUPLICATE_METHOD_MATCH = YES;
				COPY_PHASE_STRIP = NO;
				GCC_C_LANGUAGE_STANDARD = gnu99;
				GCC_DYNAMIC_NO_PIC = NO;
				GCC_ENABLE_OBJC_EXCEPTIONS = YES;
				GCC_OPTIMIZATION_LEVEL = 0;
				GCC_PREPROCESSOR_DEFINITIONS = (
					"DEBUG=1",
					"$(inherited)",
				);
				GCC_SYMBOLS_PRIVATE_EXTERN = NO;
				GCC_WARN_64_TO_32_BIT_CONVERSION = YES;
				GCC_WARN_ABOUT_RETURN_TYPE = YES;
				GCC_WARN_UNINITIALIZED_AUTOS = YES;
				GCC_WARN_UNUSED_VARIABLE = YES;
				MACOSX_DEPLOYMENT_TARGET = 10.5;
				ONLY_ACTIVE_ARCH = YES;
				SDKROOT = macosx;
			};
			name = Debug;
		};
		2BBE3B80172A6D4900BCF546 /* Release */ = {
			isa = XCBuildConfiguration;
			buildSettings = {
				ALWAYS_SEARCH_USER_PATHS = NO;
				ARCHS = "$(ARCHS_STANDARD_64_BIT)";
				CLANG_CXX_LANGUAGE_STANDARD = "gnu++0x";
				CLANG_CXX_LIBRARY = "libc++";
				CLANG_WARN_CONSTANT_CONVERSION = YES;
				CLANG_WARN_EMPTY_BODY = YES;
				CLANG_WARN_ENUM_CONVERSION = YES;
				CLANG_WARN_INT_CONVERSION = YES;
				CLANG_WARN__DUPLICATE_METHOD_MATCH = YES;
				COPY_PHASE_STRIP = YES;
				DEBUG_INFORMATION_FORMAT = "dwarf-with-dsym";
				GCC_C_LANGUAGE_STANDARD = gnu99;
				GCC_ENABLE_OBJC_EXCEPTIONS = YES;
				GCC_WARN_64_TO_32_BIT_CONVERSION = YES;
				GCC_WARN_ABOUT_RETURN_TYPE = YES;
				GCC_WARN_UNINITIALIZED_AUTOS = YES;
				GCC_WARN_UNUSED_VARIABLE = YES;
				MACOSX_DEPLOYMENT_TARGET = 10.5;
				SDKROOT = macosx;
			};
			name = Release;
		};
		2BBE3B82172A6D4900BCF546 /* Debug */ = {
			isa = XCBuildConfiguration;
			buildSettings = {
				COMBINE_HIDPI_IMAGES = YES;
				GCC_PRECOMPILE_PREFIX_HEADER = YES;
				GCC_PREFIX_HEADER = "KeynoteAuditoriumConnector/Keynote Auditorium Connector-Prefix.pch";
				INFOPLIST_FILE = "KeynoteAuditoriumConnector/Keynote Auditorium Connector-Info.plist";
				PRODUCT_NAME = "Keynote Auditorium Connector";
				WRAPPER_EXTENSION = app;
			};
			name = Debug;
		};
		2BBE3B83172A6D4900BCF546 /* Release */ = {
			isa = XCBuildConfiguration;
			buildSettings = {
				COMBINE_HIDPI_IMAGES = YES;
				GCC_PRECOMPILE_PREFIX_HEADER = YES;
				GCC_PREFIX_HEADER = "KeynoteAuditoriumConnector/Keynote Auditorium Connector-Prefix.pch";
				INFOPLIST_FILE = "KeynoteAuditoriumConnector/Keynote Auditorium Connector-Info.plist";
				PRODUCT_NAME = "Keynote Auditorium Connector";
				WRAPPER_EXTENSION = app;
			};
			name = Release;
		};
/* End XCBuildConfiguration section */

/* Begin XCConfigurationList section */
		2BBE3B5F172A6D4800BCF546 /* Build configuration list for PBXProject "Keynote Auditorium Connector" */ = {
			isa = XCConfigurationList;
			buildConfigurations = (
				2BBE3B7F172A6D4900BCF546 /* Debug */,
				2BBE3B80172A6D4900BCF546 /* Release */,
			);
			defaultConfigurationIsVisible = 0;
			defaultConfigurationName = Release;
		};
		2BBE3B81172A6D4900BCF546 /* Build configuration list for PBXNativeTarget "Keynote Auditorium Connector" */ = {
			isa = XCConfigurationList;
			buildConfigurations = (
				2BBE3B82172A6D4900BCF546 /* Debug */,
				2BBE3B83172A6D4900BCF546 /* Release */,
			);
			defaultConfigurationIsVisible = 0;
			defaultConfigurationName = Release;
		};
/* End XCConfigurationList section */
	};
	rootObject = 2BBE3B5C172A6D4800BCF546 /* Project object */;
}
