// !$*UTF8*$!
{
	archiveVersion = 1;
	classes = {
	};
	objectVersion = 46;
	objects = {

/* Begin PBXBuildFile section */
		2B3820861737057D00822217 /* Slide.m in Sources */ = {isa = PBXBuildFile; fileRef = 2B3820851737057D00822217 /* Slide.m */; };
		2B3A8E2B1778378300CB7507 /* ASIDataCompressor.m in Sources */ = {isa = PBXBuildFile; fileRef = 2B3A8E1B1778378300CB7507 /* ASIDataCompressor.m */; };
		2B3A8E2C1778378300CB7507 /* ASIDataDecompressor.m in Sources */ = {isa = PBXBuildFile; fileRef = 2B3A8E1D1778378300CB7507 /* ASIDataDecompressor.m */; };
		2B3A8E2D1778378300CB7507 /* ASIDownloadCache.m in Sources */ = {isa = PBXBuildFile; fileRef = 2B3A8E1F1778378300CB7507 /* ASIDownloadCache.m */; };
		2B3A8E2E1778378300CB7507 /* ASIFormDataRequest.m in Sources */ = {isa = PBXBuildFile; fileRef = 2B3A8E211778378300CB7507 /* ASIFormDataRequest.m */; };
		2B3A8E2F1778378300CB7507 /* ASIHTTPRequest.m in Sources */ = {isa = PBXBuildFile; fileRef = 2B3A8E231778378300CB7507 /* ASIHTTPRequest.m */; };
		2B3A8E301778378300CB7507 /* ASIInputStream.m in Sources */ = {isa = PBXBuildFile; fileRef = 2B3A8E271778378300CB7507 /* ASIInputStream.m */; };
		2B3A8E311778378300CB7507 /* ASINetworkQueue.m in Sources */ = {isa = PBXBuildFile; fileRef = 2B3A8E291778378300CB7507 /* ASINetworkQueue.m */; };
		2B3A8E33177837FC00CB7507 /* SystemConfiguration.framework in Frameworks */ = {isa = PBXBuildFile; fileRef = 2B3A8E32177837FC00CB7507 /* SystemConfiguration.framework */; };
		2B3A8E351778382900CB7507 /* libz.dylib in Frameworks */ = {isa = PBXBuildFile; fileRef = 2B3A8E341778382900CB7507 /* libz.dylib */; };
		2B3A8E38177838FD00CB7507 /* AuditoriumNetworkManager.m in Sources */ = {isa = PBXBuildFile; fileRef = 2B3A8E37177838FD00CB7507 /* AuditoriumNetworkManager.m */; };
		2B3A8E3C17784A0800CB7507 /* JSONKit.m in Sources */ = {isa = PBXBuildFile; fileRef = 2B3A8E3B17784A0800CB7507 /* JSONKit.m */; };
		2B4079EA17392A3200C09FD4 /* LoginDialog.xib in Resources */ = {isa = PBXBuildFile; fileRef = 2B4079E917392A3200C09FD4 /* LoginDialog.xib */; };
		2B4588F5176759C000418050 /* SlideshowApp.m in Sources */ = {isa = PBXBuildFile; fileRef = 2B4588F4176759BF00418050 /* SlideshowApp.m */; };
		2B733A8817398A0F008FDFBA /* Auditorium.icns in Resources */ = {isa = PBXBuildFile; fileRef = 2B733A8717398A0F008FDFBA /* Auditorium.icns */; };
		2B733A8A17399F7D008FDFBA /* SlideQuestions.xib in Resources */ = {isa = PBXBuildFile; fileRef = 2B733A8917399F7D008FDFBA /* SlideQuestions.xib */; };
		2B777F63172B33D100D1F54F /* AuditoriumLecturer.xib in Resources */ = {isa = PBXBuildFile; fileRef = 2B777F62172B33D100D1F54F /* AuditoriumLecturer.xib */; };
		2B777F69172BFCF600D1F54F /* Auditorium.m in Sources */ = {isa = PBXBuildFile; fileRef = 2B777F68172BFCF600D1F54F /* Auditorium.m */; };
		2B777F6C172C65CC00D1F54F /* AuditoriumController.m in Sources */ = {isa = PBXBuildFile; fileRef = 2B777F6B172C65CC00D1F54F /* AuditoriumController.m */; };
		2BAE04E0178451D9008F4E3A /* RuleEditorItem.xib in Resources */ = {isa = PBXBuildFile; fileRef = 2BAE04DF178451D9008F4E3A /* RuleEditorItem.xib */; };
		2BAE04E41785C71A008F4E3A /* RuleEditorViewController.m in Sources */ = {isa = PBXBuildFile; fileRef = 2BAE04E21785C71A008F4E3A /* RuleEditorViewController.m */; };
		2BAE04EC1785D351008F4E3A /* RuleEditorItemViewController.m in Sources */ = {isa = PBXBuildFile; fileRef = 2BAE04EA1785D351008F4E3A /* RuleEditorItemViewController.m */; };
		2BB4734A174538CC00DA6C1F /* CoreData.framework in Frameworks */ = {isa = PBXBuildFile; fileRef = 2BBE3B6B172A6D4800BCF546 /* CoreData.framework */; };
		2BB4734D174539C600DA6C1F /* Model.xcdatamodeld in Sources */ = {isa = PBXBuildFile; fileRef = 2BB4734B174539C600DA6C1F /* Model.xcdatamodeld */; };
		2BB4735017453B3500DA6C1F /* Question.m in Sources */ = {isa = PBXBuildFile; fileRef = 2BB4734F17453B3500DA6C1F /* Question.m */; };
		2BBE3B68172A6D4800BCF546 /* Cocoa.framework in Frameworks */ = {isa = PBXBuildFile; fileRef = 2BBE3B67172A6D4800BCF546 /* Cocoa.framework */; };
		2BBE3B72172A6D4800BCF546 /* InfoPlist.strings in Resources */ = {isa = PBXBuildFile; fileRef = 2BBE3B70172A6D4800BCF546 /* InfoPlist.strings */; };
		2BBE3B74172A6D4800BCF546 /* main.m in Sources */ = {isa = PBXBuildFile; fileRef = 2BBE3B73172A6D4800BCF546 /* main.m */; };
		2BBE3B78172A6D4800BCF546 /* Credits.rtf in Resources */ = {isa = PBXBuildFile; fileRef = 2BBE3B76172A6D4800BCF546 /* Credits.rtf */; };
		2BBE3B7B172A6D4800BCF546 /* AppDelegate.m in Sources */ = {isa = PBXBuildFile; fileRef = 2BBE3B7A172A6D4800BCF546 /* AppDelegate.m */; };
		2BBE3B86172A700900BCF546 /* Slideshow.m in Sources */ = {isa = PBXBuildFile; fileRef = 2BBE3B85172A700900BCF546 /* Slideshow.m */; };
		2BBE3B88172A717F00BCF546 /* ScriptingBridge.framework in Frameworks */ = {isa = PBXBuildFile; fileRef = 2BBE3B87172A717F00BCF546 /* ScriptingBridge.framework */; };
		2BC3E6C61779DB3300EDE112 /* ListQuestionsItem.xib in Resources */ = {isa = PBXBuildFile; fileRef = 2BC3E6C51779DB3300EDE112 /* ListQuestionsItem.xib */; };
		2BC7E9CD173EDF3500D911AE /* SlideQuestionsView.m in Sources */ = {isa = PBXBuildFile; fileRef = 2BC7E9CC173EDF3500D911AE /* SlideQuestionsView.m */; };
		2BC7E9D0173F252E00D911AE /* FlippedBox.m in Sources */ = {isa = PBXBuildFile; fileRef = 2BC7E9CF173F252D00D911AE /* FlippedBox.m */; };
		2BC7E9D31740301D00D911AE /* QuestionView.m in Sources */ = {isa = PBXBuildFile; fileRef = 2BC7E9D21740301D00D911AE /* QuestionView.m */; };
		2BC7E9D517403C2800D911AE /* QuestionEdit.xib in Resources */ = {isa = PBXBuildFile; fileRef = 2BC7E9D417403C2800D911AE /* QuestionEdit.xib */; };
		2BC955081771C6E000E5BFEF /* AutoGrowTextField.m in Sources */ = {isa = PBXBuildFile; fileRef = 2BC955071771C6E000E5BFEF /* AutoGrowTextField.m */; };
		2BCA20DC173068CD00C9415E /* LoginController.m in Sources */ = {isa = PBXBuildFile; fileRef = 2BCA20DB173068CD00C9415E /* LoginController.m */; };
		2BCA20E0173151DE00C9415E /* slide.png in Resources */ = {isa = PBXBuildFile; fileRef = 2BCA20DF173151DE00C9415E /* slide.png */; };
		2BD5D91D17428EF1000F69E7 /* Minus.tiff in Resources */ = {isa = PBXBuildFile; fileRef = 2BD5D91B17428EF1000F69E7 /* Minus.tiff */; };
		2BD5D91E17428EF1000F69E7 /* Plus.tiff in Resources */ = {isa = PBXBuildFile; fileRef = 2BD5D91C17428EF1000F69E7 /* Plus.tiff */; };
		2BD5D92217429097000F69E7 /* QuestionEditSheet.xib in Resources */ = {isa = PBXBuildFile; fileRef = 2BD5D92117429096000F69E7 /* QuestionEditSheet.xib */; };
		2BD5D92417442A25000F69E7 /* MoveQuestionToSlide.xib in Resources */ = {isa = PBXBuildFile; fileRef = 2BD5D92317442A25000F69E7 /* MoveQuestionToSlide.xib */; };
		2BD5D92717442C4A000F69E7 /* MoveQuestionToSlideViewController.m in Sources */ = {isa = PBXBuildFile; fileRef = 2BD5D92617442C49000F69E7 /* MoveQuestionToSlideViewController.m */; };
		2BD5D92A1744BFE8000F69E7 /* QuestionEditSheetController.m in Sources */ = {isa = PBXBuildFile; fileRef = 2BD5D9291744BFE8000F69E7 /* QuestionEditSheetController.m */; };
		2BD5D92D174853AF000F69E7 /* QuestionViewController.m in Sources */ = {isa = PBXBuildFile; fileRef = 2BD5D92C174853A9000F69E7 /* QuestionViewController.m */; };
		2BD5D9391748DC0B000F69E7 /* Answer.m in Sources */ = {isa = PBXBuildFile; fileRef = 2BD5D9381748DC0A000F69E7 /* Answer.m */; };
		2BD95BA617820D1800D2F188 /* ResolveSyncConflictSheetController.m in Sources */ = {isa = PBXBuildFile; fileRef = 2BD95BA417820D1700D2F188 /* ResolveSyncConflictSheetController.m */; };
		2BD95BA717820D1800D2F188 /* ResolveSyncConflictSheet.xib in Resources */ = {isa = PBXBuildFile; fileRef = 2BD95BA517820D1800D2F188 /* ResolveSyncConflictSheet.xib */; };
		2BD95BA91784182C00D2F188 /* AlertCautionIcon.icns in Resources */ = {isa = PBXBuildFile; fileRef = 2BD95BA81784182B00D2F188 /* AlertCautionIcon.icns */; };
		2BE0F0281734315000BFD776 /* TB3_Record-Active.tif in Resources */ = {isa = PBXBuildFile; fileRef = 2BE0F0261734315000BFD776 /* TB3_Record-Active.tif */; };
		2BE0F0291734315000BFD776 /* TB3_Record-Pressed.tif in Resources */ = {isa = PBXBuildFile; fileRef = 2BE0F0271734315000BFD776 /* TB3_Record-Pressed.tif */; };
		2BE7FC30174A5D130004FF7D /* Event.m in Sources */ = {isa = PBXBuildFile; fileRef = 2BE7FC2F174A5D130004FF7D /* Event.m */; };
		2BE7FC33174AE2FE0004FF7D /* AuditoriumObject.m in Sources */ = {isa = PBXBuildFile; fileRef = 2BE7FC32174AE2FE0004FF7D /* AuditoriumObject.m */; };
		2BE7FC36174AE3DE0004FF7D /* Rule.m in Sources */ = {isa = PBXBuildFile; fileRef = 2BE7FC35174AE3DD0004FF7D /* Rule.m */; };
		2BE7FC38174D6F8F0004FF7D /* AnswerEdit.xib in Resources */ = {isa = PBXBuildFile; fileRef = 2BE7FC37174D6F8F0004FF7D /* AnswerEdit.xib */; };
		2BE7FC3B174D71190004FF7D /* AnswerEditViewController.m in Sources */ = {isa = PBXBuildFile; fileRef = 2BE7FC3A174D71180004FF7D /* AnswerEditViewController.m */; };
		2BE7FC3E174D743E0004FF7D /* AnswersEditViewController.m in Sources */ = {isa = PBXBuildFile; fileRef = 2BE7FC3D174D743D0004FF7D /* AnswersEditViewController.m */; };
		2BE7FC41174E51C20004FF7D /* FlippedView.m in Sources */ = {isa = PBXBuildFile; fileRef = 2BE7FC40174E51C10004FF7D /* FlippedView.m */; };
		2BE7FC44175264FB0004FF7D /* NilToEmptyStringTransformer.m in Sources */ = {isa = PBXBuildFile; fileRef = 2BE7FC43175264FA0004FF7D /* NilToEmptyStringTransformer.m */; };
		2BEA9F8B1774E7D700030877 /* ClickActionTextView.m in Sources */ = {isa = PBXBuildFile; fileRef = 2BEA9F8A1774E7D600030877 /* ClickActionTextView.m */; };
		2BEA9FBA17764B7500030877 /* QuestionListView.m in Sources */ = {isa = PBXBuildFile; fileRef = 2BEA9FB917764B7500030877 /* QuestionListView.m */; };
		2BEA9FBD17764D4A00030877 /* ListQuestionsController.m in Sources */ = {isa = PBXBuildFile; fileRef = 2BEA9FBC17764D4A00030877 /* ListQuestionsController.m */; };
		2BEA9FC017764FF300030877 /* QuestionListViewController.m in Sources */ = {isa = PBXBuildFile; fileRef = 2BEA9FBF17764FF200030877 /* QuestionListViewController.m */; };
		2BEA9FC6177A3B9800030877 /* QuestionListSectionHeaderView.m in Sources */ = {isa = PBXBuildFile; fileRef = 2BEA9FC5177A3B9700030877 /* QuestionListSectionHeaderView.m */; };
		2BEA9FCC178053E300030877 /* SyncInfoSheet.xib in Resources */ = {isa = PBXBuildFile; fileRef = 2BEA9FCB178053E200030877 /* SyncInfoSheet.xib */; };
		2BEA9FCF1780560900030877 /* SyncInfoSheetController.m in Sources */ = {isa = PBXBuildFile; fileRef = 2BEA9FCE1780560600030877 /* SyncInfoSheetController.m */; };
		2BF07095173A409D0071A52F /* TB3_Record-Pressed-Off.png in Resources */ = {isa = PBXBuildFile; fileRef = 2BF07094173A409D0071A52F /* TB3_Record-Pressed-Off.png */; };
		2BF07098173CDB450071A52F /* QuestionsController.m in Sources */ = {isa = PBXBuildFile; fileRef = 2BF07097173CDB450071A52F /* QuestionsController.m */; };
		2BF070A4173CE0F90071A52F /* NSDictionary+SMKeyValueObserving.m in Sources */ = {isa = PBXBuildFile; fileRef = 2BF0709B173CE0F90071A52F /* NSDictionary+SMKeyValueObserving.m */; };
		2BF070A5173CE0F90071A52F /* SMBar.m in Sources */ = {isa = PBXBuildFile; fileRef = 2BF0709D173CE0F90071A52F /* SMBar.m */; };
		2BF070A6173CE0F90071A52F /* SMTabBar.m in Sources */ = {isa = PBXBuildFile; fileRef = 2BF0709F173CE0F90071A52F /* SMTabBar.m */; };
		2BF070A7173CE0F90071A52F /* SMTabBarButtonCell.m in Sources */ = {isa = PBXBuildFile; fileRef = 2BF070A1173CE0F90071A52F /* SMTabBarButtonCell.m */; };
		2BF070A8173CE0F90071A52F /* SMTabBarItem.m in Sources */ = {isa = PBXBuildFile; fileRef = 2BF070A3173CE0F90071A52F /* SMTabBarItem.m */; };
		2BF070AB173D15FD0071A52F /* TB_Edit.png in Resources */ = {isa = PBXBuildFile; fileRef = 2BF070A9173D15FD0071A52F /* TB_Edit.png */; };
		2BF070AC173D15FD0071A52F /* TB_List.png in Resources */ = {isa = PBXBuildFile; fileRef = 2BF070AA173D15FD0071A52F /* TB_List.png */; };
		2BF070AF173D292C0071A52F /* SlideQuestionsController.m in Sources */ = {isa = PBXBuildFile; fileRef = 2BF070AE173D292C0071A52F /* SlideQuestionsController.m */; };
		2BF578F11780DB3300584BB5 /* LoggedInUser.m in Sources */ = {isa = PBXBuildFile; fileRef = 2BF578F01780DB3300584BB5 /* LoggedInUser.m */; };
/* End PBXBuildFile section */

/* Begin PBXFileReference section */
		2B3820841737057D00822217 /* Slide.h */ = {isa = PBXFileReference; fileEncoding = 4; lastKnownFileType = sourcecode.c.h; path = Slide.h; sourceTree = "<group>"; };
		2B3820851737057D00822217 /* Slide.m */ = {isa = PBXFileReference; fileEncoding = 4; lastKnownFileType = sourcecode.c.objc; path = Slide.m; sourceTree = "<group>"; };
		2B3A8E191778378300CB7507 /* ASICacheDelegate.h */ = {isa = PBXFileReference; fileEncoding = 4; lastKnownFileType = sourcecode.c.h; path = ASICacheDelegate.h; sourceTree = "<group>"; };
		2B3A8E1A1778378300CB7507 /* ASIDataCompressor.h */ = {isa = PBXFileReference; fileEncoding = 4; lastKnownFileType = sourcecode.c.h; path = ASIDataCompressor.h; sourceTree = "<group>"; };
		2B3A8E1B1778378300CB7507 /* ASIDataCompressor.m */ = {isa = PBXFileReference; fileEncoding = 4; lastKnownFileType = sourcecode.c.objc; path = ASIDataCompressor.m; sourceTree = "<group>"; };
		2B3A8E1C1778378300CB7507 /* ASIDataDecompressor.h */ = {isa = PBXFileReference; fileEncoding = 4; lastKnownFileType = sourcecode.c.h; path = ASIDataDecompressor.h; sourceTree = "<group>"; };
		2B3A8E1D1778378300CB7507 /* ASIDataDecompressor.m */ = {isa = PBXFileReference; fileEncoding = 4; lastKnownFileType = sourcecode.c.objc; path = ASIDataDecompressor.m; sourceTree = "<group>"; };
		2B3A8E1E1778378300CB7507 /* ASIDownloadCache.h */ = {isa = PBXFileReference; fileEncoding = 4; lastKnownFileType = sourcecode.c.h; path = ASIDownloadCache.h; sourceTree = "<group>"; };
		2B3A8E1F1778378300CB7507 /* ASIDownloadCache.m */ = {isa = PBXFileReference; fileEncoding = 4; lastKnownFileType = sourcecode.c.objc; path = ASIDownloadCache.m; sourceTree = "<group>"; };
		2B3A8E201778378300CB7507 /* ASIFormDataRequest.h */ = {isa = PBXFileReference; fileEncoding = 4; lastKnownFileType = sourcecode.c.h; path = ASIFormDataRequest.h; sourceTree = "<group>"; };
		2B3A8E211778378300CB7507 /* ASIFormDataRequest.m */ = {isa = PBXFileReference; fileEncoding = 4; lastKnownFileType = sourcecode.c.objc; path = ASIFormDataRequest.m; sourceTree = "<group>"; };
		2B3A8E221778378300CB7507 /* ASIHTTPRequest.h */ = {isa = PBXFileReference; fileEncoding = 4; lastKnownFileType = sourcecode.c.h; path = ASIHTTPRequest.h; sourceTree = "<group>"; };
		2B3A8E231778378300CB7507 /* ASIHTTPRequest.m */ = {isa = PBXFileReference; fileEncoding = 4; lastKnownFileType = sourcecode.c.objc; path = ASIHTTPRequest.m; sourceTree = "<group>"; };
		2B3A8E241778378300CB7507 /* ASIHTTPRequestConfig.h */ = {isa = PBXFileReference; fileEncoding = 4; lastKnownFileType = sourcecode.c.h; path = ASIHTTPRequestConfig.h; sourceTree = "<group>"; };
		2B3A8E251778378300CB7507 /* ASIHTTPRequestDelegate.h */ = {isa = PBXFileReference; fileEncoding = 4; lastKnownFileType = sourcecode.c.h; path = ASIHTTPRequestDelegate.h; sourceTree = "<group>"; };
		2B3A8E261778378300CB7507 /* ASIInputStream.h */ = {isa = PBXFileReference; fileEncoding = 4; lastKnownFileType = sourcecode.c.h; path = ASIInputStream.h; sourceTree = "<group>"; };
		2B3A8E271778378300CB7507 /* ASIInputStream.m */ = {isa = PBXFileReference; fileEncoding = 4; lastKnownFileType = sourcecode.c.objc; path = ASIInputStream.m; sourceTree = "<group>"; };
		2B3A8E281778378300CB7507 /* ASINetworkQueue.h */ = {isa = PBXFileReference; fileEncoding = 4; lastKnownFileType = sourcecode.c.h; path = ASINetworkQueue.h; sourceTree = "<group>"; };
		2B3A8E291778378300CB7507 /* ASINetworkQueue.m */ = {isa = PBXFileReference; fileEncoding = 4; lastKnownFileType = sourcecode.c.objc; path = ASINetworkQueue.m; sourceTree = "<group>"; };
		2B3A8E2A1778378300CB7507 /* ASIProgressDelegate.h */ = {isa = PBXFileReference; fileEncoding = 4; lastKnownFileType = sourcecode.c.h; path = ASIProgressDelegate.h; sourceTree = "<group>"; };
		2B3A8E32177837FC00CB7507 /* SystemConfiguration.framework */ = {isa = PBXFileReference; lastKnownFileType = wrapper.framework; name = SystemConfiguration.framework; path = System/Library/Frameworks/SystemConfiguration.framework; sourceTree = SDKROOT; };
		2B3A8E341778382900CB7507 /* libz.dylib */ = {isa = PBXFileReference; lastKnownFileType = "compiled.mach-o.dylib"; name = libz.dylib; path = usr/lib/libz.dylib; sourceTree = SDKROOT; };
		2B3A8E36177838FD00CB7507 /* AuditoriumNetworkManager.h */ = {isa = PBXFileReference; fileEncoding = 4; lastKnownFileType = sourcecode.c.h; path = AuditoriumNetworkManager.h; sourceTree = "<group>"; };
		2B3A8E37177838FD00CB7507 /* AuditoriumNetworkManager.m */ = {isa = PBXFileReference; fileEncoding = 4; lastKnownFileType = sourcecode.c.objc; path = AuditoriumNetworkManager.m; sourceTree = "<group>"; };
		2B3A8E3A17784A0800CB7507 /* JSONKit.h */ = {isa = PBXFileReference; fileEncoding = 4; lastKnownFileType = sourcecode.c.h; path = JSONKit.h; sourceTree = "<group>"; };
		2B3A8E3B17784A0800CB7507 /* JSONKit.m */ = {isa = PBXFileReference; fileEncoding = 4; lastKnownFileType = sourcecode.c.objc; path = JSONKit.m; sourceTree = "<group>"; };
		2B4079E917392A3200C09FD4 /* LoginDialog.xib */ = {isa = PBXFileReference; fileEncoding = 4; lastKnownFileType = file.xib; path = LoginDialog.xib; sourceTree = "<group>"; };
		2B4588F3176759BE00418050 /* SlideshowApp.h */ = {isa = PBXFileReference; fileEncoding = 4; lastKnownFileType = sourcecode.c.h; path = SlideshowApp.h; sourceTree = "<group>"; };
		2B4588F4176759BF00418050 /* SlideshowApp.m */ = {isa = PBXFileReference; fileEncoding = 4; lastKnownFileType = sourcecode.c.objc; path = SlideshowApp.m; sourceTree = "<group>"; };
		2B5CFFF6172AACC300B5D1C5 /* Keynote.h */ = {isa = PBXFileReference; fileEncoding = 4; lastKnownFileType = sourcecode.c.h; path = Keynote.h; sourceTree = "<group>"; };
		2B5CFFF7172B109E00B5D1C5 /* Powerpoint.h */ = {isa = PBXFileReference; fileEncoding = 4; lastKnownFileType = sourcecode.c.h; path = Powerpoint.h; sourceTree = "<group>"; };
		2B733A8717398A0F008FDFBA /* Auditorium.icns */ = {isa = PBXFileReference; lastKnownFileType = image.icns; path = Auditorium.icns; sourceTree = "<group>"; };
		2B733A8917399F7D008FDFBA /* SlideQuestions.xib */ = {isa = PBXFileReference; fileEncoding = 4; lastKnownFileType = file.xib; path = SlideQuestions.xib; sourceTree = "<group>"; };
		2B777F62172B33D100D1F54F /* AuditoriumLecturer.xib */ = {isa = PBXFileReference; fileEncoding = 4; lastKnownFileType = file.xib; path = AuditoriumLecturer.xib; sourceTree = "<group>"; };
		2B777F67172BFCF600D1F54F /* Auditorium.h */ = {isa = PBXFileReference; fileEncoding = 4; lastKnownFileType = sourcecode.c.h; path = Auditorium.h; sourceTree = "<group>"; };
		2B777F68172BFCF600D1F54F /* Auditorium.m */ = {isa = PBXFileReference; fileEncoding = 4; lastKnownFileType = sourcecode.c.objc; path = Auditorium.m; sourceTree = "<group>"; };
		2B777F6A172C65CB00D1F54F /* AuditoriumController.h */ = {isa = PBXFileReference; fileEncoding = 4; lastKnownFileType = sourcecode.c.h; path = AuditoriumController.h; sourceTree = "<group>"; };
		2B777F6B172C65CC00D1F54F /* AuditoriumController.m */ = {isa = PBXFileReference; fileEncoding = 4; lastKnownFileType = sourcecode.c.objc; path = AuditoriumController.m; sourceTree = "<group>"; };
		2BAE04DF178451D9008F4E3A /* RuleEditorItem.xib */ = {isa = PBXFileReference; fileEncoding = 4; lastKnownFileType = file.xib; path = RuleEditorItem.xib; sourceTree = "<group>"; };
		2BAE04E11785C71A008F4E3A /* RuleEditorViewController.h */ = {isa = PBXFileReference; fileEncoding = 4; lastKnownFileType = sourcecode.c.h; path = RuleEditorViewController.h; sourceTree = "<group>"; };
		2BAE04E21785C71A008F4E3A /* RuleEditorViewController.m */ = {isa = PBXFileReference; fileEncoding = 4; lastKnownFileType = sourcecode.c.objc; path = RuleEditorViewController.m; sourceTree = "<group>"; };
		2BAE04E91785D350008F4E3A /* RuleEditorItemViewController.h */ = {isa = PBXFileReference; fileEncoding = 4; lastKnownFileType = sourcecode.c.h; path = RuleEditorItemViewController.h; sourceTree = "<group>"; };
		2BAE04EA1785D351008F4E3A /* RuleEditorItemViewController.m */ = {isa = PBXFileReference; fileEncoding = 4; lastKnownFileType = sourcecode.c.objc; path = RuleEditorItemViewController.m; sourceTree = "<group>"; };
		2BB4734C174539C600DA6C1F /* Model.xcdatamodel */ = {isa = PBXFileReference; lastKnownFileType = wrapper.xcdatamodel; path = Model.xcdatamodel; sourceTree = "<group>"; };
		2BB4734E17453B3500DA6C1F /* Question.h */ = {isa = PBXFileReference; fileEncoding = 4; lastKnownFileType = sourcecode.c.h; path = Question.h; sourceTree = "<group>"; };
		2BB4734F17453B3500DA6C1F /* Question.m */ = {isa = PBXFileReference; fileEncoding = 4; lastKnownFileType = sourcecode.c.objc; path = Question.m; sourceTree = "<group>"; };
		2BBE3B64172A6D4800BCF546 /* AuditoriumLecturer.app */ = {isa = PBXFileReference; explicitFileType = wrapper.application; includeInIndex = 0; path = AuditoriumLecturer.app; sourceTree = BUILT_PRODUCTS_DIR; };
		2BBE3B67172A6D4800BCF546 /* Cocoa.framework */ = {isa = PBXFileReference; lastKnownFileType = wrapper.framework; name = Cocoa.framework; path = System/Library/Frameworks/Cocoa.framework; sourceTree = SDKROOT; };
		2BBE3B6A172A6D4800BCF546 /* AppKit.framework */ = {isa = PBXFileReference; lastKnownFileType = wrapper.framework; name = AppKit.framework; path = System/Library/Frameworks/AppKit.framework; sourceTree = SDKROOT; };
		2BBE3B6B172A6D4800BCF546 /* CoreData.framework */ = {isa = PBXFileReference; lastKnownFileType = wrapper.framework; name = CoreData.framework; path = System/Library/Frameworks/CoreData.framework; sourceTree = SDKROOT; };
		2BBE3B6C172A6D4800BCF546 /* Foundation.framework */ = {isa = PBXFileReference; lastKnownFileType = wrapper.framework; name = Foundation.framework; path = System/Library/Frameworks/Foundation.framework; sourceTree = SDKROOT; };
		2BBE3B6F172A6D4800BCF546 /* AuditoriumLecturer-Info.plist */ = {isa = PBXFileReference; lastKnownFileType = text.plist.xml; path = "AuditoriumLecturer-Info.plist"; sourceTree = "<group>"; };
		2BBE3B71172A6D4800BCF546 /* en */ = {isa = PBXFileReference; lastKnownFileType = text.plist.strings; name = en; path = en.lproj/InfoPlist.strings; sourceTree = "<group>"; };
		2BBE3B73172A6D4800BCF546 /* main.m */ = {isa = PBXFileReference; lastKnownFileType = sourcecode.c.objc; path = main.m; sourceTree = "<group>"; };
		2BBE3B75172A6D4800BCF546 /* AuditoriumLecturer-Prefix.pch */ = {isa = PBXFileReference; lastKnownFileType = sourcecode.c.h; path = "AuditoriumLecturer-Prefix.pch"; sourceTree = "<group>"; };
		2BBE3B77172A6D4800BCF546 /* en */ = {isa = PBXFileReference; lastKnownFileType = text.rtf; name = en; path = en.lproj/Credits.rtf; sourceTree = "<group>"; };
		2BBE3B79172A6D4800BCF546 /* AppDelegate.h */ = {isa = PBXFileReference; lastKnownFileType = sourcecode.c.h; path = AppDelegate.h; sourceTree = "<group>"; };
		2BBE3B7A172A6D4800BCF546 /* AppDelegate.m */ = {isa = PBXFileReference; lastKnownFileType = sourcecode.c.objc; path = AppDelegate.m; sourceTree = "<group>"; };
		2BBE3B84172A700900BCF546 /* Slideshow.h */ = {isa = PBXFileReference; fileEncoding = 4; lastKnownFileType = sourcecode.c.h; path = Slideshow.h; sourceTree = "<group>"; };
		2BBE3B85172A700900BCF546 /* Slideshow.m */ = {isa = PBXFileReference; fileEncoding = 4; lastKnownFileType = sourcecode.c.objc; path = Slideshow.m; sourceTree = "<group>"; };
		2BBE3B87172A717F00BCF546 /* ScriptingBridge.framework */ = {isa = PBXFileReference; lastKnownFileType = wrapper.framework; name = ScriptingBridge.framework; path = System/Library/Frameworks/ScriptingBridge.framework; sourceTree = SDKROOT; };
		2BBE3B8A172A79CC00BCF546 /* SystemEvents.h */ = {isa = PBXFileReference; fileEncoding = 4; lastKnownFileType = sourcecode.c.h; path = SystemEvents.h; sourceTree = "<group>"; };
		2BC3E6C51779DB3300EDE112 /* ListQuestionsItem.xib */ = {isa = PBXFileReference; fileEncoding = 4; lastKnownFileType = file.xib; path = ListQuestionsItem.xib; sourceTree = "<group>"; };
		2BC7E9CB173EDF3500D911AE /* SlideQuestionsView.h */ = {isa = PBXFileReference; fileEncoding = 4; lastKnownFileType = sourcecode.c.h; path = SlideQuestionsView.h; sourceTree = "<group>"; };
		2BC7E9CC173EDF3500D911AE /* SlideQuestionsView.m */ = {isa = PBXFileReference; fileEncoding = 4; lastKnownFileType = sourcecode.c.objc; path = SlideQuestionsView.m; sourceTree = "<group>"; };
		2BC7E9CE173F252D00D911AE /* FlippedBox.h */ = {isa = PBXFileReference; fileEncoding = 4; lastKnownFileType = sourcecode.c.h; path = FlippedBox.h; sourceTree = "<group>"; };
		2BC7E9CF173F252D00D911AE /* FlippedBox.m */ = {isa = PBXFileReference; fileEncoding = 4; lastKnownFileType = sourcecode.c.objc; path = FlippedBox.m; sourceTree = "<group>"; };
		2BC7E9D11740301D00D911AE /* QuestionView.h */ = {isa = PBXFileReference; fileEncoding = 4; lastKnownFileType = sourcecode.c.h; path = QuestionView.h; sourceTree = "<group>"; };
		2BC7E9D21740301D00D911AE /* QuestionView.m */ = {isa = PBXFileReference; fileEncoding = 4; lastKnownFileType = sourcecode.c.objc; path = QuestionView.m; sourceTree = "<group>"; };
		2BC7E9D417403C2800D911AE /* QuestionEdit.xib */ = {isa = PBXFileReference; fileEncoding = 4; lastKnownFileType = file.xib; path = QuestionEdit.xib; sourceTree = "<group>"; };
		2BC955061771C6DF00E5BFEF /* AutoGrowTextField.h */ = {isa = PBXFileReference; fileEncoding = 4; lastKnownFileType = sourcecode.c.h; path = AutoGrowTextField.h; sourceTree = "<group>"; };
		2BC955071771C6E000E5BFEF /* AutoGrowTextField.m */ = {isa = PBXFileReference; fileEncoding = 4; lastKnownFileType = sourcecode.c.objc; path = AutoGrowTextField.m; sourceTree = "<group>"; };
		2BCA20DA173068CD00C9415E /* LoginController.h */ = {isa = PBXFileReference; fileEncoding = 4; lastKnownFileType = sourcecode.c.h; path = LoginController.h; sourceTree = "<group>"; };
		2BCA20DB173068CD00C9415E /* LoginController.m */ = {isa = PBXFileReference; fileEncoding = 4; lastKnownFileType = sourcecode.c.objc; path = LoginController.m; sourceTree = "<group>"; };
		2BCA20DF173151DE00C9415E /* slide.png */ = {isa = PBXFileReference; lastKnownFileType = image.png; path = slide.png; sourceTree = "<group>"; };
		2BD5D91B17428EF1000F69E7 /* Minus.tiff */ = {isa = PBXFileReference; lastKnownFileType = image.tiff; path = Minus.tiff; sourceTree = "<group>"; };
		2BD5D91C17428EF1000F69E7 /* Plus.tiff */ = {isa = PBXFileReference; lastKnownFileType = image.tiff; path = Plus.tiff; sourceTree = "<group>"; };
		2BD5D92117429096000F69E7 /* QuestionEditSheet.xib */ = {isa = PBXFileReference; fileEncoding = 4; lastKnownFileType = file.xib; path = QuestionEditSheet.xib; sourceTree = "<group>"; };
		2BD5D92317442A25000F69E7 /* MoveQuestionToSlide.xib */ = {isa = PBXFileReference; fileEncoding = 4; lastKnownFileType = file.xib; path = MoveQuestionToSlide.xib; sourceTree = "<group>"; };
		2BD5D92517442C49000F69E7 /* MoveQuestionToSlideViewController.h */ = {isa = PBXFileReference; fileEncoding = 4; lastKnownFileType = sourcecode.c.h; path = MoveQuestionToSlideViewController.h; sourceTree = "<group>"; };
		2BD5D92617442C49000F69E7 /* MoveQuestionToSlideViewController.m */ = {isa = PBXFileReference; fileEncoding = 4; lastKnownFileType = sourcecode.c.objc; path = MoveQuestionToSlideViewController.m; sourceTree = "<group>"; };
		2BD5D9281744BFE7000F69E7 /* QuestionEditSheetController.h */ = {isa = PBXFileReference; fileEncoding = 4; lastKnownFileType = sourcecode.c.h; path = QuestionEditSheetController.h; sourceTree = "<group>"; };
		2BD5D9291744BFE8000F69E7 /* QuestionEditSheetController.m */ = {isa = PBXFileReference; fileEncoding = 4; lastKnownFileType = sourcecode.c.objc; path = QuestionEditSheetController.m; sourceTree = "<group>"; };
		2BD5D92B174853A6000F69E7 /* QuestionViewController.h */ = {isa = PBXFileReference; fileEncoding = 4; lastKnownFileType = sourcecode.c.h; path = QuestionViewController.h; sourceTree = "<group>"; };
		2BD5D92C174853A9000F69E7 /* QuestionViewController.m */ = {isa = PBXFileReference; fileEncoding = 4; lastKnownFileType = sourcecode.c.objc; path = QuestionViewController.m; sourceTree = "<group>"; };
		2BD5D9371748DC09000F69E7 /* Answer.h */ = {isa = PBXFileReference; fileEncoding = 4; lastKnownFileType = sourcecode.c.h; path = Answer.h; sourceTree = "<group>"; };
		2BD5D9381748DC0A000F69E7 /* Answer.m */ = {isa = PBXFileReference; fileEncoding = 4; lastKnownFileType = sourcecode.c.objc; path = Answer.m; sourceTree = "<group>"; };
		2BD95BA317820D1700D2F188 /* ResolveSyncConflictSheetController.h */ = {isa = PBXFileReference; fileEncoding = 4; lastKnownFileType = sourcecode.c.h; path = ResolveSyncConflictSheetController.h; sourceTree = "<group>"; };
		2BD95BA417820D1700D2F188 /* ResolveSyncConflictSheetController.m */ = {isa = PBXFileReference; fileEncoding = 4; lastKnownFileType = sourcecode.c.objc; path = ResolveSyncConflictSheetController.m; sourceTree = "<group>"; };
		2BD95BA517820D1800D2F188 /* ResolveSyncConflictSheet.xib */ = {isa = PBXFileReference; fileEncoding = 4; lastKnownFileType = file.xib; path = ResolveSyncConflictSheet.xib; sourceTree = "<group>"; };
		2BD95BA81784182B00D2F188 /* AlertCautionIcon.icns */ = {isa = PBXFileReference; lastKnownFileType = image.icns; path = AlertCautionIcon.icns; sourceTree = "<group>"; };
		2BE0F0261734315000BFD776 /* TB3_Record-Active.tif */ = {isa = PBXFileReference; lastKnownFileType = image.tiff; path = "TB3_Record-Active.tif"; sourceTree = "<group>"; };
		2BE0F0271734315000BFD776 /* TB3_Record-Pressed.tif */ = {isa = PBXFileReference; lastKnownFileType = image.tiff; path = "TB3_Record-Pressed.tif"; sourceTree = "<group>"; };
		2BE7FC2E174A5D130004FF7D /* Event.h */ = {isa = PBXFileReference; fileEncoding = 4; lastKnownFileType = sourcecode.c.h; path = Event.h; sourceTree = "<group>"; };
		2BE7FC2F174A5D130004FF7D /* Event.m */ = {isa = PBXFileReference; fileEncoding = 4; lastKnownFileType = sourcecode.c.objc; path = Event.m; sourceTree = "<group>"; };
		2BE7FC31174AE2FE0004FF7D /* AuditoriumObject.h */ = {isa = PBXFileReference; fileEncoding = 4; lastKnownFileType = sourcecode.c.h; path = AuditoriumObject.h; sourceTree = "<group>"; };
		2BE7FC32174AE2FE0004FF7D /* AuditoriumObject.m */ = {isa = PBXFileReference; fileEncoding = 4; lastKnownFileType = sourcecode.c.objc; path = AuditoriumObject.m; sourceTree = "<group>"; };
		2BE7FC34174AE3DD0004FF7D /* Rule.h */ = {isa = PBXFileReference; fileEncoding = 4; lastKnownFileType = sourcecode.c.h; path = Rule.h; sourceTree = "<group>"; };
		2BE7FC35174AE3DD0004FF7D /* Rule.m */ = {isa = PBXFileReference; fileEncoding = 4; lastKnownFileType = sourcecode.c.objc; path = Rule.m; sourceTree = "<group>"; };
		2BE7FC37174D6F8F0004FF7D /* AnswerEdit.xib */ = {isa = PBXFileReference; fileEncoding = 4; lastKnownFileType = file.xib; path = AnswerEdit.xib; sourceTree = "<group>"; };
		2BE7FC39174D71180004FF7D /* AnswerEditViewController.h */ = {isa = PBXFileReference; fileEncoding = 4; lastKnownFileType = sourcecode.c.h; path = AnswerEditViewController.h; sourceTree = "<group>"; };
		2BE7FC3A174D71180004FF7D /* AnswerEditViewController.m */ = {isa = PBXFileReference; fileEncoding = 4; lastKnownFileType = sourcecode.c.objc; path = AnswerEditViewController.m; sourceTree = "<group>"; };
		2BE7FC3C174D743D0004FF7D /* AnswersEditViewController.h */ = {isa = PBXFileReference; fileEncoding = 4; lastKnownFileType = sourcecode.c.h; path = AnswersEditViewController.h; sourceTree = "<group>"; };
		2BE7FC3D174D743D0004FF7D /* AnswersEditViewController.m */ = {isa = PBXFileReference; fileEncoding = 4; lastKnownFileType = sourcecode.c.objc; path = AnswersEditViewController.m; sourceTree = "<group>"; };
		2BE7FC3F174E51C00004FF7D /* FlippedView.h */ = {isa = PBXFileReference; fileEncoding = 4; lastKnownFileType = sourcecode.c.h; path = FlippedView.h; sourceTree = "<group>"; };
		2BE7FC40174E51C10004FF7D /* FlippedView.m */ = {isa = PBXFileReference; fileEncoding = 4; lastKnownFileType = sourcecode.c.objc; path = FlippedView.m; sourceTree = "<group>"; };
		2BE7FC42175264F90004FF7D /* NilToEmptyStringTransformer.h */ = {isa = PBXFileReference; fileEncoding = 4; lastKnownFileType = sourcecode.c.h; path = NilToEmptyStringTransformer.h; sourceTree = "<group>"; };
		2BE7FC43175264FA0004FF7D /* NilToEmptyStringTransformer.m */ = {isa = PBXFileReference; fileEncoding = 4; lastKnownFileType = sourcecode.c.objc; path = NilToEmptyStringTransformer.m; sourceTree = "<group>"; };
		2BEA9F891774E7D600030877 /* ClickActionTextView.h */ = {isa = PBXFileReference; fileEncoding = 4; lastKnownFileType = sourcecode.c.h; path = ClickActionTextView.h; sourceTree = "<group>"; };
		2BEA9F8A1774E7D600030877 /* ClickActionTextView.m */ = {isa = PBXFileReference; fileEncoding = 4; lastKnownFileType = sourcecode.c.objc; path = ClickActionTextView.m; sourceTree = "<group>"; };
		2BEA9FB817764B7500030877 /* QuestionListView.h */ = {isa = PBXFileReference; fileEncoding = 4; lastKnownFileType = sourcecode.c.h; path = QuestionListView.h; sourceTree = "<group>"; };
		2BEA9FB917764B7500030877 /* QuestionListView.m */ = {isa = PBXFileReference; fileEncoding = 4; lastKnownFileType = sourcecode.c.objc; path = QuestionListView.m; sourceTree = "<group>"; };
		2BEA9FBB17764D4900030877 /* ListQuestionsController.h */ = {isa = PBXFileReference; fileEncoding = 4; lastKnownFileType = sourcecode.c.h; path = ListQuestionsController.h; sourceTree = "<group>"; };
		2BEA9FBC17764D4A00030877 /* ListQuestionsController.m */ = {isa = PBXFileReference; fileEncoding = 4; lastKnownFileType = sourcecode.c.objc; path = ListQuestionsController.m; sourceTree = "<group>"; };
		2BEA9FBE17764FF200030877 /* QuestionListViewController.h */ = {isa = PBXFileReference; fileEncoding = 4; lastKnownFileType = sourcecode.c.h; path = QuestionListViewController.h; sourceTree = "<group>"; };
		2BEA9FBF17764FF200030877 /* QuestionListViewController.m */ = {isa = PBXFileReference; fileEncoding = 4; lastKnownFileType = sourcecode.c.objc; path = QuestionListViewController.m; sourceTree = "<group>"; };
		2BEA9FC4177A3B9700030877 /* QuestionListSectionHeaderView.h */ = {isa = PBXFileReference; fileEncoding = 4; lastKnownFileType = sourcecode.c.h; path = QuestionListSectionHeaderView.h; sourceTree = "<group>"; };
		2BEA9FC5177A3B9700030877 /* QuestionListSectionHeaderView.m */ = {isa = PBXFileReference; fileEncoding = 4; lastKnownFileType = sourcecode.c.objc; path = QuestionListSectionHeaderView.m; sourceTree = "<group>"; };
		2BEA9FCB178053E200030877 /* SyncInfoSheet.xib */ = {isa = PBXFileReference; fileEncoding = 4; lastKnownFileType = file.xib; path = SyncInfoSheet.xib; sourceTree = "<group>"; };
		2BEA9FCD1780560400030877 /* SyncInfoSheetController.h */ = {isa = PBXFileReference; fileEncoding = 4; lastKnownFileType = sourcecode.c.h; path = SyncInfoSheetController.h; sourceTree = "<group>"; };
		2BEA9FCE1780560600030877 /* SyncInfoSheetController.m */ = {isa = PBXFileReference; fileEncoding = 4; lastKnownFileType = sourcecode.c.objc; path = SyncInfoSheetController.m; sourceTree = "<group>"; };
		2BF07094173A409D0071A52F /* TB3_Record-Pressed-Off.png */ = {isa = PBXFileReference; lastKnownFileType = image.png; path = "TB3_Record-Pressed-Off.png"; sourceTree = "<group>"; };
		2BF07096173CDB450071A52F /* QuestionsController.h */ = {isa = PBXFileReference; fileEncoding = 4; lastKnownFileType = sourcecode.c.h; path = QuestionsController.h; sourceTree = "<group>"; };
		2BF07097173CDB450071A52F /* QuestionsController.m */ = {isa = PBXFileReference; fileEncoding = 4; lastKnownFileType = sourcecode.c.objc; path = QuestionsController.m; sourceTree = "<group>"; };
		2BF0709A173CE0F90071A52F /* NSDictionary+SMKeyValueObserving.h */ = {isa = PBXFileReference; fileEncoding = 4; lastKnownFileType = sourcecode.c.h; path = "NSDictionary+SMKeyValueObserving.h"; sourceTree = "<group>"; };
		2BF0709B173CE0F90071A52F /* NSDictionary+SMKeyValueObserving.m */ = {isa = PBXFileReference; fileEncoding = 4; lastKnownFileType = sourcecode.c.objc; path = "NSDictionary+SMKeyValueObserving.m"; sourceTree = "<group>"; };
		2BF0709C173CE0F90071A52F /* SMBar.h */ = {isa = PBXFileReference; fileEncoding = 4; lastKnownFileType = sourcecode.c.h; path = SMBar.h; sourceTree = "<group>"; };
		2BF0709D173CE0F90071A52F /* SMBar.m */ = {isa = PBXFileReference; fileEncoding = 4; lastKnownFileType = sourcecode.c.objc; path = SMBar.m; sourceTree = "<group>"; };
		2BF0709E173CE0F90071A52F /* SMTabBar.h */ = {isa = PBXFileReference; fileEncoding = 4; lastKnownFileType = sourcecode.c.h; path = SMTabBar.h; sourceTree = "<group>"; };
		2BF0709F173CE0F90071A52F /* SMTabBar.m */ = {isa = PBXFileReference; fileEncoding = 4; lastKnownFileType = sourcecode.c.objc; path = SMTabBar.m; sourceTree = "<group>"; };
		2BF070A0173CE0F90071A52F /* SMTabBarButtonCell.h */ = {isa = PBXFileReference; fileEncoding = 4; lastKnownFileType = sourcecode.c.h; path = SMTabBarButtonCell.h; sourceTree = "<group>"; };
		2BF070A1173CE0F90071A52F /* SMTabBarButtonCell.m */ = {isa = PBXFileReference; fileEncoding = 4; lastKnownFileType = sourcecode.c.objc; path = SMTabBarButtonCell.m; sourceTree = "<group>"; };
		2BF070A2173CE0F90071A52F /* SMTabBarItem.h */ = {isa = PBXFileReference; fileEncoding = 4; lastKnownFileType = sourcecode.c.h; path = SMTabBarItem.h; sourceTree = "<group>"; };
		2BF070A3173CE0F90071A52F /* SMTabBarItem.m */ = {isa = PBXFileReference; fileEncoding = 4; lastKnownFileType = sourcecode.c.objc; path = SMTabBarItem.m; sourceTree = "<group>"; };
		2BF070A9173D15FD0071A52F /* TB_Edit.png */ = {isa = PBXFileReference; lastKnownFileType = image.png; path = TB_Edit.png; sourceTree = "<group>"; };
		2BF070AA173D15FD0071A52F /* TB_List.png */ = {isa = PBXFileReference; lastKnownFileType = image.png; path = TB_List.png; sourceTree = "<group>"; };
		2BF070AD173D292C0071A52F /* SlideQuestionsController.h */ = {isa = PBXFileReference; fileEncoding = 4; lastKnownFileType = sourcecode.c.h; path = SlideQuestionsController.h; sourceTree = "<group>"; };
		2BF070AE173D292C0071A52F /* SlideQuestionsController.m */ = {isa = PBXFileReference; fileEncoding = 4; lastKnownFileType = sourcecode.c.objc; path = SlideQuestionsController.m; sourceTree = "<group>"; };
		2BF578EF1780DB3300584BB5 /* LoggedInUser.h */ = {isa = PBXFileReference; fileEncoding = 4; lastKnownFileType = sourcecode.c.h; path = LoggedInUser.h; sourceTree = "<group>"; };
		2BF578F01780DB3300584BB5 /* LoggedInUser.m */ = {isa = PBXFileReference; fileEncoding = 4; lastKnownFileType = sourcecode.c.objc; path = LoggedInUser.m; sourceTree = "<group>"; };
/* End PBXFileReference section */

/* Begin PBXFrameworksBuildPhase section */
		2BBE3B61172A6D4800BCF546 /* Frameworks */ = {
			isa = PBXFrameworksBuildPhase;
			buildActionMask = 2147483647;
			files = (
				2B3A8E351778382900CB7507 /* libz.dylib in Frameworks */,
				2B3A8E33177837FC00CB7507 /* SystemConfiguration.framework in Frameworks */,
				2BB4734A174538CC00DA6C1F /* CoreData.framework in Frameworks */,
				2BBE3B88172A717F00BCF546 /* ScriptingBridge.framework in Frameworks */,
				2BBE3B68172A6D4800BCF546 /* Cocoa.framework in Frameworks */,
			);
			runOnlyForDeploymentPostprocessing = 0;
		};
/* End PBXFrameworksBuildPhase section */

/* Begin PBXGroup section */
		2B3A8E181778378300CB7507 /* ASIHTTPRequest */ = {
			isa = PBXGroup;
			children = (
				2B3A8E191778378300CB7507 /* ASICacheDelegate.h */,
				2B3A8E1A1778378300CB7507 /* ASIDataCompressor.h */,
				2B3A8E1B1778378300CB7507 /* ASIDataCompressor.m */,
				2B3A8E1C1778378300CB7507 /* ASIDataDecompressor.h */,
				2B3A8E1D1778378300CB7507 /* ASIDataDecompressor.m */,
				2B3A8E1E1778378300CB7507 /* ASIDownloadCache.h */,
				2B3A8E1F1778378300CB7507 /* ASIDownloadCache.m */,
				2B3A8E201778378300CB7507 /* ASIFormDataRequest.h */,
				2B3A8E211778378300CB7507 /* ASIFormDataRequest.m */,
				2B3A8E221778378300CB7507 /* ASIHTTPRequest.h */,
				2B3A8E231778378300CB7507 /* ASIHTTPRequest.m */,
				2B3A8E241778378300CB7507 /* ASIHTTPRequestConfig.h */,
				2B3A8E251778378300CB7507 /* ASIHTTPRequestDelegate.h */,
				2B3A8E261778378300CB7507 /* ASIInputStream.h */,
				2B3A8E271778378300CB7507 /* ASIInputStream.m */,
				2B3A8E281778378300CB7507 /* ASINetworkQueue.h */,
				2B3A8E291778378300CB7507 /* ASINetworkQueue.m */,
				2B3A8E2A1778378300CB7507 /* ASIProgressDelegate.h */,
			);
			path = ASIHTTPRequest;
			sourceTree = "<group>";
		};
		2B3A8E3917784A0800CB7507 /* JSONKit */ = {
			isa = PBXGroup;
			children = (
				2B3A8E3A17784A0800CB7507 /* JSONKit.h */,
				2B3A8E3B17784A0800CB7507 /* JSONKit.m */,
			);
			path = JSONKit;
			sourceTree = "<group>";
		};
		2B42FB50176A54AC001BAF1B /* Models */ = {
			isa = PBXGroup;
			children = (
				2BB4734B174539C600DA6C1F /* Model.xcdatamodeld */,
				2BE7FC31174AE2FE0004FF7D /* AuditoriumObject.h */,
				2BE7FC32174AE2FE0004FF7D /* AuditoriumObject.m */,
				2BE7FC2E174A5D130004FF7D /* Event.h */,
				2BE7FC2F174A5D130004FF7D /* Event.m */,
				2BD5D9371748DC09000F69E7 /* Answer.h */,
				2BD5D9381748DC0A000F69E7 /* Answer.m */,
				2BB4734E17453B3500DA6C1F /* Question.h */,
				2BB4734F17453B3500DA6C1F /* Question.m */,
				2BE7FC34174AE3DD0004FF7D /* Rule.h */,
				2BE7FC35174AE3DD0004FF7D /* Rule.m */,
				2B3820841737057D00822217 /* Slide.h */,
				2B3820851737057D00822217 /* Slide.m */,
				2BF578EF1780DB3300584BB5 /* LoggedInUser.h */,
				2BF578F01780DB3300584BB5 /* LoggedInUser.m */,
			);
			name = Models;
			sourceTree = "<group>";
		};
		2B42FB51176A54D0001BAF1B /* Views */ = {
			isa = PBXGroup;
			children = (
				2BC7E9CE173F252D00D911AE /* FlippedBox.h */,
				2BC7E9CF173F252D00D911AE /* FlippedBox.m */,
				2BE7FC3F174E51C00004FF7D /* FlippedView.h */,
				2BE7FC40174E51C10004FF7D /* FlippedView.m */,
				2BF07096173CDB450071A52F /* QuestionsController.h */,
				2BF07097173CDB450071A52F /* QuestionsController.m */,
				2BEA9FBB17764D4900030877 /* ListQuestionsController.h */,
				2BEA9FBC17764D4A00030877 /* ListQuestionsController.m */,
				2BEA9FBE17764FF200030877 /* QuestionListViewController.h */,
				2BEA9FBF17764FF200030877 /* QuestionListViewController.m */,
				2BEA9FB817764B7500030877 /* QuestionListView.h */,
				2BEA9FB917764B7500030877 /* QuestionListView.m */,
				2BEA9FC4177A3B9700030877 /* QuestionListSectionHeaderView.h */,
				2BEA9FC5177A3B9700030877 /* QuestionListSectionHeaderView.m */,
				2BF070AD173D292C0071A52F /* SlideQuestionsController.h */,
				2BF070AE173D292C0071A52F /* SlideQuestionsController.m */,
				2BC7E9CB173EDF3500D911AE /* SlideQuestionsView.h */,
				2BC7E9CC173EDF3500D911AE /* SlideQuestionsView.m */,
				2BC7E9D11740301D00D911AE /* QuestionView.h */,
				2BC7E9D21740301D00D911AE /* QuestionView.m */,
				2BD5D92B174853A6000F69E7 /* QuestionViewController.h */,
				2BD5D92C174853A9000F69E7 /* QuestionViewController.m */,
				2BD5D92517442C49000F69E7 /* MoveQuestionToSlideViewController.h */,
				2BD5D92617442C49000F69E7 /* MoveQuestionToSlideViewController.m */,
				2BD5D9281744BFE7000F69E7 /* QuestionEditSheetController.h */,
				2BD5D9291744BFE8000F69E7 /* QuestionEditSheetController.m */,
				2BE7FC39174D71180004FF7D /* AnswerEditViewController.h */,
				2BE7FC3A174D71180004FF7D /* AnswerEditViewController.m */,
				2BE7FC3C174D743D0004FF7D /* AnswersEditViewController.h */,
				2BE7FC3D174D743D0004FF7D /* AnswersEditViewController.m */,
				2BEA9FCD1780560400030877 /* SyncInfoSheetController.h */,
				2BEA9FCE1780560600030877 /* SyncInfoSheetController.m */,
				2BD95BA317820D1700D2F188 /* ResolveSyncConflictSheetController.h */,
				2BD95BA417820D1700D2F188 /* ResolveSyncConflictSheetController.m */,
				2BAE04E11785C71A008F4E3A /* RuleEditorViewController.h */,
				2BAE04E21785C71A008F4E3A /* RuleEditorViewController.m */,
				2BAE04E91785D350008F4E3A /* RuleEditorItemViewController.h */,
				2BAE04EA1785D351008F4E3A /* RuleEditorItemViewController.m */,
			);
			name = Views;
			sourceTree = "<group>";
		};
		2B733A80173909AC008FDFBA /* Images */ = {
			isa = PBXGroup;
			children = (
				2BD95BA81784182B00D2F188 /* AlertCautionIcon.icns */,
				2BD5D91B17428EF1000F69E7 /* Minus.tiff */,
				2BD5D91C17428EF1000F69E7 /* Plus.tiff */,
				2BF070A9173D15FD0071A52F /* TB_Edit.png */,
				2BF070AA173D15FD0071A52F /* TB_List.png */,
				2BF07094173A409D0071A52F /* TB3_Record-Pressed-Off.png */,
				2BE0F0261734315000BFD776 /* TB3_Record-Active.tif */,
				2BE0F0271734315000BFD776 /* TB3_Record-Pressed.tif */,
				2BCA20DF173151DE00C9415E /* slide.png */,
			);
			path = Images;
			sourceTree = "<group>";
		};
		2B733A8D173C5003008FDFBA /* Libraries */ = {
			isa = PBXGroup;
			children = (
				2B3A8E3917784A0800CB7507 /* JSONKit */,
				2B3A8E181778378300CB7507 /* ASIHTTPRequest */,
				2BF07099173CE0F90071A52F /* InspectorTabBar */,
			);
			name = Libraries;
			path = AuditoriumLecturer;
			sourceTree = "<group>";
		};
		2BBE3B5B172A6D4800BCF546 = {
			isa = PBXGroup;
			children = (
				2BBE3B6D172A6D4800BCF546 /* AuditoriumLecturer */,
				2BD5D91A17427D08000F69E7 /* Scripting Definitions */,
				2B733A8D173C5003008FDFBA /* Libraries */,
				2BBE3B66172A6D4800BCF546 /* Frameworks */,
				2BBE3B65172A6D4800BCF546 /* Products */,
			);
			sourceTree = "<group>";
		};
		2BBE3B65172A6D4800BCF546 /* Products */ = {
			isa = PBXGroup;
			children = (
				2BBE3B64172A6D4800BCF546 /* AuditoriumLecturer.app */,
			);
			name = Products;
			sourceTree = "<group>";
		};
		2BBE3B66172A6D4800BCF546 /* Frameworks */ = {
			isa = PBXGroup;
			children = (
				2BBE3B67172A6D4800BCF546 /* Cocoa.framework */,
				2BBE3B69172A6D4800BCF546 /* Other Frameworks */,
			);
			name = Frameworks;
			sourceTree = "<group>";
		};
		2BBE3B69172A6D4800BCF546 /* Other Frameworks */ = {
			isa = PBXGroup;
			children = (
				2B3A8E341778382900CB7507 /* libz.dylib */,
				2B3A8E32177837FC00CB7507 /* SystemConfiguration.framework */,
				2BBE3B87172A717F00BCF546 /* ScriptingBridge.framework */,
				2BBE3B6A172A6D4800BCF546 /* AppKit.framework */,
				2BBE3B6B172A6D4800BCF546 /* CoreData.framework */,
				2BBE3B6C172A6D4800BCF546 /* Foundation.framework */,
			);
			name = "Other Frameworks";
			sourceTree = "<group>";
		};
		2BBE3B6D172A6D4800BCF546 /* AuditoriumLecturer */ = {
			isa = PBXGroup;
			children = (
				2B42FB50176A54AC001BAF1B /* Models */,
				2B42FB51176A54D0001BAF1B /* Views */,
				2BBE3B79172A6D4800BCF546 /* AppDelegate.h */,
				2BBE3B7A172A6D4800BCF546 /* AppDelegate.m */,
				2B777F67172BFCF600D1F54F /* Auditorium.h */,
				2B777F68172BFCF600D1F54F /* Auditorium.m */,
				2B777F6A172C65CB00D1F54F /* AuditoriumController.h */,
				2B777F6B172C65CC00D1F54F /* AuditoriumController.m */,
				2B3A8E36177838FD00CB7507 /* AuditoriumNetworkManager.h */,
				2B3A8E37177838FD00CB7507 /* AuditoriumNetworkManager.m */,
				2BCA20DA173068CD00C9415E /* LoginController.h */,
				2BCA20DB173068CD00C9415E /* LoginController.m */,
				2BBE3B84172A700900BCF546 /* Slideshow.h */,
				2BBE3B85172A700900BCF546 /* Slideshow.m */,
				2B4588F3176759BE00418050 /* SlideshowApp.h */,
				2B4588F4176759BF00418050 /* SlideshowApp.m */,
				2BEA9F891774E7D600030877 /* ClickActionTextView.h */,
				2BEA9F8A1774E7D600030877 /* ClickActionTextView.m */,
				2BC955061771C6DF00E5BFEF /* AutoGrowTextField.h */,
				2BC955071771C6E000E5BFEF /* AutoGrowTextField.m */,
				2BE7FC42175264F90004FF7D /* NilToEmptyStringTransformer.h */,
				2BE7FC43175264FA0004FF7D /* NilToEmptyStringTransformer.m */,
				2B777F62172B33D100D1F54F /* AuditoriumLecturer.xib */,
				2B4079E917392A3200C09FD4 /* LoginDialog.xib */,
				2B733A8917399F7D008FDFBA /* SlideQuestions.xib */,
				2BC3E6C51779DB3300EDE112 /* ListQuestionsItem.xib */,
				2BD5D92317442A25000F69E7 /* MoveQuestionToSlide.xib */,
				2BC7E9D417403C2800D911AE /* QuestionEdit.xib */,
				2BD5D92117429096000F69E7 /* QuestionEditSheet.xib */,
				2BAE04DF178451D9008F4E3A /* RuleEditorItem.xib */,
				2BE7FC37174D6F8F0004FF7D /* AnswerEdit.xib */,
				2BEA9FCB178053E200030877 /* SyncInfoSheet.xib */,
				2BD95BA517820D1800D2F188 /* ResolveSyncConflictSheet.xib */,
				2BCA20BF1730306D00C9415E /* Resources */,
				2BBE3B6E172A6D4800BCF546 /* Supporting Files */,
			);
			path = AuditoriumLecturer;
			sourceTree = "<group>";
		};
		2BBE3B6E172A6D4800BCF546 /* Supporting Files */ = {
			isa = PBXGroup;
			children = (
				2BBE3B6F172A6D4800BCF546 /* AuditoriumLecturer-Info.plist */,
				2BBE3B70172A6D4800BCF546 /* InfoPlist.strings */,
				2BBE3B73172A6D4800BCF546 /* main.m */,
				2BBE3B75172A6D4800BCF546 /* AuditoriumLecturer-Prefix.pch */,
				2BBE3B76172A6D4800BCF546 /* Credits.rtf */,
			);
			name = "Supporting Files";
			sourceTree = "<group>";
		};
		2BCA20BF1730306D00C9415E /* Resources */ = {
			isa = PBXGroup;
			children = (
				2B733A8717398A0F008FDFBA /* Auditorium.icns */,
				2B733A80173909AC008FDFBA /* Images */,
			);
			path = Resources;
			sourceTree = "<group>";
		};
		2BD5D91A17427D08000F69E7 /* Scripting Definitions */ = {
			isa = PBXGroup;
			children = (
				2B5CFFF7172B109E00B5D1C5 /* Powerpoint.h */,
				2B5CFFF6172AACC300B5D1C5 /* Keynote.h */,
				2BBE3B8A172A79CC00BCF546 /* SystemEvents.h */,
			);
			name = "Scripting Definitions";
			path = AuditoriumLecturer;
			sourceTree = "<group>";
		};
		2BF07099173CE0F90071A52F /* InspectorTabBar */ = {
			isa = PBXGroup;
			children = (
				2BF0709A173CE0F90071A52F /* NSDictionary+SMKeyValueObserving.h */,
				2BF0709B173CE0F90071A52F /* NSDictionary+SMKeyValueObserving.m */,
				2BF0709C173CE0F90071A52F /* SMBar.h */,
				2BF0709D173CE0F90071A52F /* SMBar.m */,
				2BF0709E173CE0F90071A52F /* SMTabBar.h */,
				2BF0709F173CE0F90071A52F /* SMTabBar.m */,
				2BF070A0173CE0F90071A52F /* SMTabBarButtonCell.h */,
				2BF070A1173CE0F90071A52F /* SMTabBarButtonCell.m */,
				2BF070A2173CE0F90071A52F /* SMTabBarItem.h */,
				2BF070A3173CE0F90071A52F /* SMTabBarItem.m */,
			);
			name = InspectorTabBar;
			path = ../AuditoriumLecturer/InspectorTabBar;
			sourceTree = "<group>";
		};
/* End PBXGroup section */

/* Begin PBXNativeTarget section */
		2BBE3B63172A6D4800BCF546 /* AuditoriumLecturer */ = {
			isa = PBXNativeTarget;
			buildConfigurationList = 2BBE3B81172A6D4900BCF546 /* Build configuration list for PBXNativeTarget "AuditoriumLecturer" */;
			buildPhases = (
				2BBE3B60172A6D4800BCF546 /* Sources */,
				2BBE3B61172A6D4800BCF546 /* Frameworks */,
				2BBE3B62172A6D4800BCF546 /* Resources */,
			);
			buildRules = (
			);
			dependencies = (
			);
			name = AuditoriumLecturer;
			productName = KeynoteAuditoriumConnector;
			productReference = 2BBE3B64172A6D4800BCF546 /* AuditoriumLecturer.app */;
			productType = "com.apple.product-type.application";
		};
/* End PBXNativeTarget section */

/* Begin PBXProject section */
		2BBE3B5C172A6D4800BCF546 /* Project object */ = {
			isa = PBXProject;
			attributes = {
				LastUpgradeCheck = 0460;
				ORGANIZATIONNAME = "Matthias Rahne";
			};
			buildConfigurationList = 2BBE3B5F172A6D4800BCF546 /* Build configuration list for PBXProject "AuditoriumLecturer" */;
			compatibilityVersion = "Xcode 3.2";
			developmentRegion = English;
			hasScannedForEncodings = 0;
			knownRegions = (
				en,
			);
			mainGroup = 2BBE3B5B172A6D4800BCF546;
			productRefGroup = 2BBE3B65172A6D4800BCF546 /* Products */;
			projectDirPath = "";
			projectRoot = "";
			targets = (
				2BBE3B63172A6D4800BCF546 /* AuditoriumLecturer */,
			);
		};
/* End PBXProject section */

/* Begin PBXResourcesBuildPhase section */
		2BBE3B62172A6D4800BCF546 /* Resources */ = {
			isa = PBXResourcesBuildPhase;
			buildActionMask = 2147483647;
			files = (
				2BBE3B72172A6D4800BCF546 /* InfoPlist.strings in Resources */,
				2BBE3B78172A6D4800BCF546 /* Credits.rtf in Resources */,
				2B777F63172B33D100D1F54F /* AuditoriumLecturer.xib in Resources */,
				2BCA20E0173151DE00C9415E /* slide.png in Resources */,
				2BE0F0281734315000BFD776 /* TB3_Record-Active.tif in Resources */,
				2BE0F0291734315000BFD776 /* TB3_Record-Pressed.tif in Resources */,
				2B4079EA17392A3200C09FD4 /* LoginDialog.xib in Resources */,
				2B733A8817398A0F008FDFBA /* Auditorium.icns in Resources */,
				2B733A8A17399F7D008FDFBA /* SlideQuestions.xib in Resources */,
				2BF07095173A409D0071A52F /* TB3_Record-Pressed-Off.png in Resources */,
				2BF070AB173D15FD0071A52F /* TB_Edit.png in Resources */,
				2BF070AC173D15FD0071A52F /* TB_List.png in Resources */,
				2BC7E9D517403C2800D911AE /* QuestionEdit.xib in Resources */,
				2BD5D91D17428EF1000F69E7 /* Minus.tiff in Resources */,
				2BD5D91E17428EF1000F69E7 /* Plus.tiff in Resources */,
				2BD5D92217429097000F69E7 /* QuestionEditSheet.xib in Resources */,
				2BD5D92417442A25000F69E7 /* MoveQuestionToSlide.xib in Resources */,
				2BE7FC38174D6F8F0004FF7D /* AnswerEdit.xib in Resources */,
				2BC3E6C61779DB3300EDE112 /* ListQuestionsItem.xib in Resources */,
				2BEA9FCC178053E300030877 /* SyncInfoSheet.xib in Resources */,
				2BD95BA717820D1800D2F188 /* ResolveSyncConflictSheet.xib in Resources */,
				2BD95BA91784182C00D2F188 /* AlertCautionIcon.icns in Resources */,
				2BAE04E0178451D9008F4E3A /* RuleEditorItem.xib in Resources */,
			);
			runOnlyForDeploymentPostprocessing = 0;
		};
/* End PBXResourcesBuildPhase section */

/* Begin PBXSourcesBuildPhase section */
		2BBE3B60172A6D4800BCF546 /* Sources */ = {
			isa = PBXSourcesBuildPhase;
			buildActionMask = 2147483647;
			files = (
				2BBE3B74172A6D4800BCF546 /* main.m in Sources */,
				2BBE3B7B172A6D4800BCF546 /* AppDelegate.m in Sources */,
				2BBE3B86172A700900BCF546 /* Slideshow.m in Sources */,
				2B777F69172BFCF600D1F54F /* Auditorium.m in Sources */,
				2B777F6C172C65CC00D1F54F /* AuditoriumController.m in Sources */,
				2BCA20DC173068CD00C9415E /* LoginController.m in Sources */,
				2B3820861737057D00822217 /* Slide.m in Sources */,
				2BF07098173CDB450071A52F /* QuestionsController.m in Sources */,
				2BF070A4173CE0F90071A52F /* NSDictionary+SMKeyValueObserving.m in Sources */,
				2BF070A5173CE0F90071A52F /* SMBar.m in Sources */,
				2BF070A6173CE0F90071A52F /* SMTabBar.m in Sources */,
				2BF070A7173CE0F90071A52F /* SMTabBarButtonCell.m in Sources */,
				2BF070A8173CE0F90071A52F /* SMTabBarItem.m in Sources */,
				2BF070AF173D292C0071A52F /* SlideQuestionsController.m in Sources */,
				2BC7E9CD173EDF3500D911AE /* SlideQuestionsView.m in Sources */,
				2BC7E9D0173F252E00D911AE /* FlippedBox.m in Sources */,
				2BC7E9D31740301D00D911AE /* QuestionView.m in Sources */,
				2BD5D92717442C4A000F69E7 /* MoveQuestionToSlideViewController.m in Sources */,
				2BD5D92A1744BFE8000F69E7 /* QuestionEditSheetController.m in Sources */,
				2BB4734D174539C600DA6C1F /* Model.xcdatamodeld in Sources */,
				2BB4735017453B3500DA6C1F /* Question.m in Sources */,
				2BD5D92D174853AF000F69E7 /* QuestionViewController.m in Sources */,
				2BD5D9391748DC0B000F69E7 /* Answer.m in Sources */,
				2BE7FC30174A5D130004FF7D /* Event.m in Sources */,
				2BE7FC33174AE2FE0004FF7D /* AuditoriumObject.m in Sources */,
				2BE7FC36174AE3DE0004FF7D /* Rule.m in Sources */,
				2BE7FC3B174D71190004FF7D /* AnswerEditViewController.m in Sources */,
				2BE7FC3E174D743E0004FF7D /* AnswersEditViewController.m in Sources */,
				2BE7FC41174E51C20004FF7D /* FlippedView.m in Sources */,
				2BE7FC44175264FB0004FF7D /* NilToEmptyStringTransformer.m in Sources */,
				2B4588F5176759C000418050 /* SlideshowApp.m in Sources */,
				2BC955081771C6E000E5BFEF /* AutoGrowTextField.m in Sources */,
				2BEA9F8B1774E7D700030877 /* ClickActionTextView.m in Sources */,
				2BEA9FBA17764B7500030877 /* QuestionListView.m in Sources */,
				2BEA9FBD17764D4A00030877 /* ListQuestionsController.m in Sources */,
				2BEA9FC017764FF300030877 /* QuestionListViewController.m in Sources */,
				2BEA9FC6177A3B9800030877 /* QuestionListSectionHeaderView.m in Sources */,
				2B3A8E2B1778378300CB7507 /* ASIDataCompressor.m in Sources */,
				2B3A8E2C1778378300CB7507 /* ASIDataDecompressor.m in Sources */,
				2B3A8E2D1778378300CB7507 /* ASIDownloadCache.m in Sources */,
				2B3A8E2E1778378300CB7507 /* ASIFormDataRequest.m in Sources */,
				2B3A8E2F1778378300CB7507 /* ASIHTTPRequest.m in Sources */,
				2B3A8E301778378300CB7507 /* ASIInputStream.m in Sources */,
				2B3A8E311778378300CB7507 /* ASINetworkQueue.m in Sources */,
				2B3A8E38177838FD00CB7507 /* AuditoriumNetworkManager.m in Sources */,
				2B3A8E3C17784A0800CB7507 /* JSONKit.m in Sources */,
				2BEA9FCF1780560900030877 /* SyncInfoSheetController.m in Sources */,
				2BF578F11780DB3300584BB5 /* LoggedInUser.m in Sources */,
				2BD95BA617820D1800D2F188 /* ResolveSyncConflictSheetController.m in Sources */,
				2BAE04E41785C71A008F4E3A /* RuleEditorViewController.m in Sources */,
				2BAE04EC1785D351008F4E3A /* RuleEditorItemViewController.m in Sources */,
			);
			runOnlyForDeploymentPostprocessing = 0;
		};
/* End PBXSourcesBuildPhase section */

/* Begin PBXVariantGroup section */
		2BBE3B70172A6D4800BCF546 /* InfoPlist.strings */ = {
			isa = PBXVariantGroup;
			children = (
				2BBE3B71172A6D4800BCF546 /* en */,
			);
			name = InfoPlist.strings;
			sourceTree = "<group>";
		};
		2BBE3B76172A6D4800BCF546 /* Credits.rtf */ = {
			isa = PBXVariantGroup;
			children = (
				2BBE3B77172A6D4800BCF546 /* en */,
			);
			name = Credits.rtf;
			sourceTree = "<group>";
		};
/* End PBXVariantGroup section */

/* Begin XCBuildConfiguration section */
		2BBE3B7F172A6D4900BCF546 /* Debug */ = {
			isa = XCBuildConfiguration;
			buildSettings = {
				ALWAYS_SEARCH_USER_PATHS = NO;
				ARCHS = "$(ARCHS_STANDARD_64_BIT)";
				CLANG_CXX_LANGUAGE_STANDARD = "gnu++0x";
				CLANG_CXX_LIBRARY = "libc++";
				CLANG_WARN_CONSTANT_CONVERSION = YES;
				CLANG_WARN_EMPTY_BODY = YES;
				CLANG_WARN_ENUM_CONVERSION = YES;
				CLANG_WARN_INT_CONVERSION = YES;
				CLANG_WARN__DUPLICATE_METHOD_MATCH = YES;
				COPY_PHASE_STRIP = NO;
				GCC_C_LANGUAGE_STANDARD = gnu99;
				GCC_DYNAMIC_NO_PIC = NO;
				GCC_ENABLE_OBJC_EXCEPTIONS = YES;
				GCC_OPTIMIZATION_LEVEL = 0;
				GCC_PREPROCESSOR_DEFINITIONS = (
					"DEBUG=1",
					"$(inherited)",
				);
				GCC_SYMBOLS_PRIVATE_EXTERN = NO;
				GCC_WARN_64_TO_32_BIT_CONVERSION = YES;
				GCC_WARN_ABOUT_RETURN_TYPE = YES;
				GCC_WARN_UNINITIALIZED_AUTOS = YES;
				GCC_WARN_UNUSED_VARIABLE = YES;
				MACOSX_DEPLOYMENT_TARGET = 10.6;
				ONLY_ACTIVE_ARCH = YES;
				SDKROOT = macosx;
			};
			name = Debug;
		};
		2BBE3B80172A6D4900BCF546 /* Release */ = {
			isa = XCBuildConfiguration;
			buildSettings = {
				ALWAYS_SEARCH_USER_PATHS = NO;
				ARCHS = "$(ARCHS_STANDARD_64_BIT)";
				CLANG_CXX_LANGUAGE_STANDARD = "gnu++0x";
				CLANG_CXX_LIBRARY = "libc++";
				CLANG_WARN_CONSTANT_CONVERSION = YES;
				CLANG_WARN_EMPTY_BODY = YES;
				CLANG_WARN_ENUM_CONVERSION = YES;
				CLANG_WARN_INT_CONVERSION = YES;
				CLANG_WARN__DUPLICATE_METHOD_MATCH = YES;
				COPY_PHASE_STRIP = YES;
				DEBUG_INFORMATION_FORMAT = "dwarf-with-dsym";
				GCC_C_LANGUAGE_STANDARD = gnu99;
				GCC_ENABLE_OBJC_EXCEPTIONS = YES;
				GCC_WARN_64_TO_32_BIT_CONVERSION = YES;
				GCC_WARN_ABOUT_RETURN_TYPE = YES;
				GCC_WARN_UNINITIALIZED_AUTOS = YES;
				GCC_WARN_UNUSED_VARIABLE = YES;
				MACOSX_DEPLOYMENT_TARGET = 10.6;
				SDKROOT = macosx;
			};
			name = Release;
		};
		2BBE3B82172A6D4900BCF546 /* Debug */ = {
			isa = XCBuildConfiguration;
			buildSettings = {
				COMBINE_HIDPI_IMAGES = YES;
				GCC_PRECOMPILE_PREFIX_HEADER = YES;
				GCC_PREFIX_HEADER = "AuditoriumLecturer/AuditoriumLecturer-Prefix.pch";
				INFOPLIST_FILE = "AuditoriumLecturer/AuditoriumLecturer-Info.plist";
				PRODUCT_NAME = AuditoriumLecturer;
				WRAPPER_EXTENSION = app;
			};
			name = Debug;
		};
		2BBE3B83172A6D4900BCF546 /* Release */ = {
			isa = XCBuildConfiguration;
			buildSettings = {
				COMBINE_HIDPI_IMAGES = YES;
				GCC_PRECOMPILE_PREFIX_HEADER = YES;
				GCC_PREFIX_HEADER = "AuditoriumLecturer/AuditoriumLecturer-Prefix.pch";
				INFOPLIST_FILE = "AuditoriumLecturer/AuditoriumLecturer-Info.plist";
				PRODUCT_NAME = AuditoriumLecturer;
				WRAPPER_EXTENSION = app;
			};
			name = Release;
		};
/* End XCBuildConfiguration section */

/* Begin XCConfigurationList section */
		2BBE3B5F172A6D4800BCF546 /* Build configuration list for PBXProject "AuditoriumLecturer" */ = {
			isa = XCConfigurationList;
			buildConfigurations = (
				2BBE3B7F172A6D4900BCF546 /* Debug */,
				2BBE3B80172A6D4900BCF546 /* Release */,
			);
			defaultConfigurationIsVisible = 0;
			defaultConfigurationName = Release;
		};
		2BBE3B81172A6D4900BCF546 /* Build configuration list for PBXNativeTarget "AuditoriumLecturer" */ = {
			isa = XCConfigurationList;
			buildConfigurations = (
				2BBE3B82172A6D4900BCF546 /* Debug */,
				2BBE3B83172A6D4900BCF546 /* Release */,
			);
			defaultConfigurationIsVisible = 0;
			defaultConfigurationName = Release;
		};
/* End XCConfigurationList section */

/* Begin XCVersionGroup section */
		2BB4734B174539C600DA6C1F /* Model.xcdatamodeld */ = {
			isa = XCVersionGroup;
			children = (
				2BB4734C174539C600DA6C1F /* Model.xcdatamodel */,
			);
			currentVersion = 2BB4734C174539C600DA6C1F /* Model.xcdatamodel */;
			path = Model.xcdatamodeld;
			sourceTree = "<group>";
			versionGroupType = wrapper.xcdatamodel;
		};
/* End XCVersionGroup section */
	};
	rootObject = 2BBE3B5C172A6D4800BCF546 /* Project object */;
}
